PODS:
  - ChameleonFramework (2.1.0):
    - ChameleonFramework/Default (= 2.1.0)
  - ChameleonFramework/Default (2.1.0)
  - FMDB (2.7.2):
    - FMDB/standard (= 2.7.2)
  - FMDB/standard (2.7.2)
  - HHRouter (0.1.9)
  - HMSegmentedControl (1.5.4)
  - JSONModel (1.7.0)
  - Masonry (1.1.0)
  - MJRefresh (3.1.15.3)
  - SVProgressHUD (2.2.5)
  - YYText (1.0.7)

DEPENDENCIES:
  - ChameleonFramework
  - FMDB
  - HHRouter (~> 0.1.8)
  - HMSegmentedControl
  - JSONModel
  - Masonry
  - MJRefresh
  - SVProgressHUD
  - YYText

SPEC REPOS:
  https://github.com/CocoaPods/Specs.git:
    - ChameleonFramework
    - FMDB
    - HHRouter
    - HMSegmentedControl
    - JSONModel
    - Masonry
    - MJRefresh
    - SVProgressHUD
    - YYText

SPEC CHECKSUMS:
  ChameleonFramework: d21a3cc247abfe5e37609a283a8238b03575cf64
  FMDB: 6198a90e7b6900cfc046e6bc0ef6ebb7be9236aa
  HHRouter: c096524e95a07a1970e6e23a19ee5a9592dc326d
  HMSegmentedControl: b25bc4ec44766e073d62c473188fb354ee244b76
  JSONModel: 840bc0fcffb24b8454d2c026bf26fea454b8e98d
  Masonry: 678fab65091a9290e40e2832a55e7ab731aad201
  MJRefresh: b48380ae2b927b46c4ef000de9adb8dc748e1df7
  SVProgressHUD: 1428aafac632c1f86f62aa4243ec12008d7a51d6
  YYText: 5c461d709e24d55a182d1441c41dc639a18a4849

PODFILE CHECKSUM: 8f600839722268c0e6ecc0db37b90de48388c536

COCOAPODS: 1.5.0
