// !$*UTF8*$!
{
	archiveVersion = 1;
	classes = {
	};
	objectVersion = 48;
	objects = {

/* Begin PBXBuildFile section */
		160634962058B2EA006EC80A /* ChangeRecordStyleCustomView.m in Sources */ = {isa = PBXBuildFile; fileRef = 160634952058B2EA006EC80A /* ChangeRecordStyleCustomView.m */; };
		1612CA1F207355D000B693B7 /* MineStyleTwoViewController.m in Sources */ = {isa = PBXBuildFile; fileRef = 1612CA1E207355D000B693B7 /* MineStyleTwoViewController.m */; };
		1612CA28207365B100B693B7 /* AccountManagerViewController.m in Sources */ = {isa = PBXBuildFile; fileRef = 1612CA27207365B100B693B7 /* AccountManagerViewController.m */; };
		1612CA2B207365DA00B693B7 /* ChageAppStyleViewController.m in Sources */ = {isa = PBXBuildFile; fileRef = 1612CA2A207365DA00B693B7 /* ChageAppStyleViewController.m */; };
		1612CA2E207367E700B693B7 /* FunctionConfigurationViewController.m in Sources */ = {isa = PBXBuildFile; fileRef = 1612CA2D207367E700B693B7 /* FunctionConfigurationViewController.m */; };
		1612CA312073683000B693B7 /* ArticleListViewController.m in Sources */ = {isa = PBXBuildFile; fileRef = 1612CA302073683000B693B7 /* ArticleListViewController.m */; };
		1612CA34207368BA00B693B7 /* DiaryListViewController.m in Sources */ = {isa = PBXBuildFile; fileRef = 1612CA33207368BA00B693B7 /* DiaryListViewController.m */; };
		16132660204FEE2600CDE1EB /* UserDBOperationManager.m in Sources */ = {isa = PBXBuildFile; fileRef = 1613265F204FEE2600CDE1EB /* UserDBOperationManager.m */; };
		161DDBD9204FB4E7000B195B /* AppDelegate.m in Sources */ = {isa = PBXBuildFile; fileRef = 161DDBD8204FB4E7000B195B /* AppDelegate.m */; };
		161DDBDC204FB4E7000B195B /* ViewController.m in Sources */ = {isa = PBXBuildFile; fileRef = 161DDBDB204FB4E7000B195B /* ViewController.m */; };
		161DDBDF204FB4E7000B195B /* Main.storyboard in Resources */ = {isa = PBXBuildFile; fileRef = 161DDBDD204FB4E7000B195B /* Main.storyboard */; };
		161DDBE1204FB4E7000B195B /* Assets.xcassets in Resources */ = {isa = PBXBuildFile; fileRef = 161DDBE0204FB4E7000B195B /* Assets.xcassets */; };
		161DDBE4204FB4E7000B195B /* LaunchScreen.storyboard in Resources */ = {isa = PBXBuildFile; fileRef = 161DDBE2204FB4E7000B195B /* LaunchScreen.storyboard */; };
		161DDBE7204FB4E7000B195B /* main.m in Sources */ = {isa = PBXBuildFile; fileRef = 161DDBE6204FB4E7000B195B /* main.m */; };
		161DDBF1204FB4E7000B195B /* SimpleRecordTests.m in Sources */ = {isa = PBXBuildFile; fileRef = 161DDBF0204FB4E7000B195B /* SimpleRecordTests.m */; };
		161DDBFC204FB4E7000B195B /* SimpleRecordUITests.m in Sources */ = {isa = PBXBuildFile; fileRef = 161DDBFB204FB4E7000B195B /* SimpleRecordUITests.m */; };
		161DDC0C204FBD80000B195B /* CustomTabBarConterller.m in Sources */ = {isa = PBXBuildFile; fileRef = 161DDC0B204FBD80000B195B /* CustomTabBarConterller.m */; };
		161DDC0F204FC030000B195B /* CustomNavigationController.m in Sources */ = {isa = PBXBuildFile; fileRef = 161DDC0E204FC030000B195B /* CustomNavigationController.m */; };
		161DDC13204FC2BB000B195B /* AppSkinColorManger.m in Sources */ = {isa = PBXBuildFile; fileRef = 161DDC12204FC2BB000B195B /* AppSkinColorManger.m */; };
		161F1B49208F0CDD0039C089 /* RecordListModel.m in Sources */ = {isa = PBXBuildFile; fileRef = 161F1B48208F0CDD0039C089 /* RecordListModel.m */; };
		162E95142079A71C00D7562D /* ChangeAppStyleDetailViewController.m in Sources */ = {isa = PBXBuildFile; fileRef = 162E95132079A71C00D7562D /* ChangeAppStyleDetailViewController.m */; };
		162E95172079E58900D7562D /* ChangeAppStyleDetailView.m in Sources */ = {isa = PBXBuildFile; fileRef = 162E95162079E58900D7562D /* ChangeAppStyleDetailView.m */; };
		162E951A2079FBBA00D7562D /* XJDAlertView.m in Sources */ = {isa = PBXBuildFile; fileRef = 162E95182079FBB900D7562D /* XJDAlertView.m */; };
		1637FFD9205624650086F176 /* RecordTableHeadView.m in Sources */ = {isa = PBXBuildFile; fileRef = 1637FFD8205624650086F176 /* RecordTableHeadView.m */; };
		1637FFDD20564D890086F176 /* RecordTableViewCell.m in Sources */ = {isa = PBXBuildFile; fileRef = 1637FFDC20564D890086F176 /* RecordTableViewCell.m */; };
		16382BA820732FFE0097EF43 /* CalendarStyleTwoViewController.m in Sources */ = {isa = PBXBuildFile; fileRef = 16382BA720732FFE0097EF43 /* CalendarStyleTwoViewController.m */; };
		16382BBB2073304C0097EF43 /* ZYCalendarManager.m in Sources */ = {isa = PBXBuildFile; fileRef = 16382BAA2073304A0097EF43 /* ZYCalendarManager.m */; };
		16382BBC2073304C0097EF43 /* JTDateHelper.m in Sources */ = {isa = PBXBuildFile; fileRef = 16382BAC2073304A0097EF43 /* JTDateHelper.m */; };
		16382BBD2073304C0097EF43 /* ZYDayView.m in Sources */ = {isa = PBXBuildFile; fileRef = 16382BAE2073304B0097EF43 /* ZYDayView.m */; };
		16382BBE2073304C0097EF43 /* ZYCalendarView.m in Sources */ = {isa = PBXBuildFile; fileRef = 16382BB32073304B0097EF43 /* ZYCalendarView.m */; };
		16382BBF2073304C0097EF43 /* backImg_end.png in Resources */ = {isa = PBXBuildFile; fileRef = 16382BB52073304B0097EF43 /* backImg_end.png */; };
		16382BC02073304C0097EF43 /* backImg_start.png in Resources */ = {isa = PBXBuildFile; fileRef = 16382BB62073304B0097EF43 /* backImg_start.png */; };
		16382BC12073304C0097EF43 /* circle.png in Resources */ = {isa = PBXBuildFile; fileRef = 16382BB72073304B0097EF43 /* circle.png */; };
		16382BC22073304C0097EF43 /* circle_cir.png in Resources */ = {isa = PBXBuildFile; fileRef = 16382BB82073304B0097EF43 /* circle_cir.png */; };
		16382BC32073304C0097EF43 /* ZYMonthView.m in Sources */ = {isa = PBXBuildFile; fileRef = 16382BB92073304C0097EF43 /* ZYMonthView.m */; };
		16382BC42073304C0097EF43 /* ZYWeekView.m in Sources */ = {isa = PBXBuildFile; fileRef = 16382BBA2073304C0097EF43 /* ZYWeekView.m */; };
		167162352088652F00DBA60A /* NSString+EnciphermentProtection.m in Sources */ = {isa = PBXBuildFile; fileRef = 167162342088652F00DBA60A /* NSString+EnciphermentProtection.m */; };
		16747AA020720C38009E21C2 /* MineTableViewCell.m in Sources */ = {isa = PBXBuildFile; fileRef = 16747A9F20720C38009E21C2 /* MineTableViewCell.m */; };
		16747AA220722305009E21C2 /* iconfont.ttf in Resources */ = {isa = PBXBuildFile; fileRef = 16747AA120722305009E21C2 /* iconfont.ttf */; };
		16747AA52072348E009E21C2 /* RippleAnimationView.m in Sources */ = {isa = PBXBuildFile; fileRef = 16747AA42072348E009E21C2 /* RippleAnimationView.m */; };
		16764151208D751A00FDC771 /* RecordDataModel.m in Sources */ = {isa = PBXBuildFile; fileRef = 16764150208D751A00FDC771 /* RecordDataModel.m */; };
		16764155208DBCAE00FDC771 /* AddOneArticleViewController.m in Sources */ = {isa = PBXBuildFile; fileRef = 16764154208DBCAE00FDC771 /* AddOneArticleViewController.m */; };
		16764159208DC36E00FDC771 /* AddOneArticleTableView.m in Sources */ = {isa = PBXBuildFile; fileRef = 16764158208DC36E00FDC771 /* AddOneArticleTableView.m */; };
		1686FE15207AFE0D00926A6C /* AddCalendarTableView.m in Sources */ = {isa = PBXBuildFile; fileRef = 1686FE14207AFE0D00926A6C /* AddCalendarTableView.m */; };
		16879CED209077510029AC8F /* CalendarListModel.m in Sources */ = {isa = PBXBuildFile; fileRef = 16879CEC209077510029AC8F /* CalendarListModel.m */; };
		16879CF020907B320029AC8F /* CalendarViewModel.m in Sources */ = {isa = PBXBuildFile; fileRef = 16879CEF20907B320029AC8F /* CalendarViewModel.m */; };
		1696E82C20522D130022B670 /* UIImage+color.m in Sources */ = {isa = PBXBuildFile; fileRef = 1696E82B20522D130022B670 /* UIImage+color.m */; };
		1696E832205254D50022B670 /* CalendarViewController.m in Sources */ = {isa = PBXBuildFile; fileRef = 1696E831205254D50022B670 /* CalendarViewController.m */; };
		1696E835205254E10022B670 /* RecordViewController.m in Sources */ = {isa = PBXBuildFile; fileRef = 1696E834205254E10022B670 /* RecordViewController.m */; };
		1696E838205254FB0022B670 /* MineViewController.m in Sources */ = {isa = PBXBuildFile; fileRef = 1696E837205254FB0022B670 /* MineViewController.m */; };
		1696E83C205258C80022B670 /* SRRouterManager.m in Sources */ = {isa = PBXBuildFile; fileRef = 1696E83B205258C80022B670 /* SRRouterManager.m */; };
		16A2E049209453D800CEE4BF /* RecordViewModel.m in Sources */ = {isa = PBXBuildFile; fileRef = 16A2E048209453D800CEE4BF /* RecordViewModel.m */; };
		16AAC44E206DCF0A00068605 /* MineTableHeadView.m in Sources */ = {isa = PBXBuildFile; fileRef = 16AAC44D206DCF0A00068605 /* MineTableHeadView.m */; };
		16AB33AC207318E500358E7E /* CCPCalendarButton.m in Sources */ = {isa = PBXBuildFile; fileRef = 16AB3397207318E500358E7E /* CCPCalendarButton.m */; };
		16AB33AD207318E500358E7E /* CCPCalendarCellTableViewCell.m in Sources */ = {isa = PBXBuildFile; fileRef = 16AB3399207318E500358E7E /* CCPCalendarCellTableViewCell.m */; };
		16AB33AE207318E500358E7E /* CCPCalendarHeader.m in Sources */ = {isa = PBXBuildFile; fileRef = 16AB339B207318E500358E7E /* CCPCalendarHeader.m */; };
		16AB33B0207318E500358E7E /* CCPCalendarModel.m in Sources */ = {isa = PBXBuildFile; fileRef = 16AB339F207318E500358E7E /* CCPCalendarModel.m */; };
		16AB33B1207318E500358E7E /* CCPCalendarTable.m in Sources */ = {isa = PBXBuildFile; fileRef = 16AB33A1207318E500358E7E /* CCPCalendarTable.m */; };
		16AB33B2207318E500358E7E /* CCPCalendarView.m in Sources */ = {isa = PBXBuildFile; fileRef = 16AB33A3207318E500358E7E /* CCPCalendarView.m */; };
		16AB33B3207318E500358E7E /* NSDate+CCPCalendar.m in Sources */ = {isa = PBXBuildFile; fileRef = 16AB33A5207318E500358E7E /* NSDate+CCPCalendar.m */; };
		16AB33B4207318E500358E7E /* NSObject+CCPObjc.m in Sources */ = {isa = PBXBuildFile; fileRef = 16AB33A7207318E500358E7E /* NSObject+CCPObjc.m */; };
		16AB33B5207318E500358E7E /* UILabel+CCPLabel.m in Sources */ = {isa = PBXBuildFile; fileRef = 16AB33A9207318E500358E7E /* UILabel+CCPLabel.m */; };
		16AB33B6207318E500358E7E /* UIView+CCPView.m in Sources */ = {isa = PBXBuildFile; fileRef = 16AB33AB207318E500358E7E /* UIView+CCPView.m */; };
		16AE90C32074C725004EBF34 /* StyleTypeTableViewCell.m in Sources */ = {isa = PBXBuildFile; fileRef = 16AE90C22074C725004EBF34 /* StyleTypeTableViewCell.m */; };
		16CEFC9120633D42004230D7 /* RecordStyleTwoTableView.m in Sources */ = {isa = PBXBuildFile; fileRef = 16CEFC9020633D42004230D7 /* RecordStyleTwoTableView.m */; };
		16CEFC942063435B004230D7 /* RecordStyleTwoTableViewCell.m in Sources */ = {isa = PBXBuildFile; fileRef = 16CEFC932063435B004230D7 /* RecordStyleTwoTableViewCell.m */; };
		16CEFC9A20634920004230D7 /* UIView+Snapshot.m in Sources */ = {isa = PBXBuildFile; fileRef = 16CEFC9920634920004230D7 /* UIView+Snapshot.m */; };
		16CEFC9D20634AC8004230D7 /* RotatedView.m in Sources */ = {isa = PBXBuildFile; fileRef = 16CEFC9C20634AC8004230D7 /* RotatedView.m */; };
		16CEFCA0206350C0004230D7 /* SwitchConfigurationManager.m in Sources */ = {isa = PBXBuildFile; fileRef = 16CEFC9F206350C0004230D7 /* SwitchConfigurationManager.m */; };
		16CEFCA3206355ED004230D7 /* RecordStyleTwoViewController.m in Sources */ = {isa = PBXBuildFile; fileRef = 16CEFCA2206355ED004230D7 /* RecordStyleTwoViewController.m */; };
		16CEFCA720637988004230D7 /* StyleTwoCell.xib in Resources */ = {isa = PBXBuildFile; fileRef = 16CEFCA620637988004230D7 /* StyleTwoCell.xib */; };
		16CF527A20737ECE00CDE453 /* StyleTypeTableView.m in Sources */ = {isa = PBXBuildFile; fileRef = 16CF527920737ECE00CDE453 /* StyleTypeTableView.m */; };
		16F2932B205290550094F490 /* RecordTableView.m in Sources */ = {isa = PBXBuildFile; fileRef = 16F2932A205290550094F490 /* RecordTableView.m */; };
		16FB0A1E207A197F002D07AC /* AddDiaryViewController.m in Sources */ = {isa = PBXBuildFile; fileRef = 16FB0A1D207A197F002D07AC /* AddDiaryViewController.m */; };
		16FD282C20872065004D91F4 /* CaptchaView.m in Sources */ = {isa = PBXBuildFile; fileRef = 16FD282920872065004D91F4 /* CaptchaView.m */; };
		16FD282D20872065004D91F4 /* LoginTableViewFillInfoCell.m in Sources */ = {isa = PBXBuildFile; fileRef = 16FD282B20872065004D91F4 /* LoginTableViewFillInfoCell.m */; };
		16FD2830208720E1004D91F4 /* ForgotPasswordTableViewCell.m in Sources */ = {isa = PBXBuildFile; fileRef = 16FD282F208720E1004D91F4 /* ForgotPasswordTableViewCell.m */; };
		16FD2833208720F4004D91F4 /* RegisterTableViewCell.m in Sources */ = {isa = PBXBuildFile; fileRef = 16FD2832208720F4004D91F4 /* RegisterTableViewCell.m */; };
		16FD28362087219B004D91F4 /* RDCountDownButton.m in Sources */ = {isa = PBXBuildFile; fileRef = 16FD28342087219B004D91F4 /* RDCountDownButton.m */; };
		16FD283C20874BC2004D91F4 /* SRUserArticleProfile.m in Sources */ = {isa = PBXBuildFile; fileRef = 16FD283B20874BC2004D91F4 /* SRUserArticleProfile.m */; };
		16FD283F20874C37004D91F4 /* SRUserDiaryProfile.m in Sources */ = {isa = PBXBuildFile; fileRef = 16FD283E20874C37004D91F4 /* SRUserDiaryProfile.m */; };
		640A0F4A2086154E0037468F /* SRAppUserProfile.m in Sources */ = {isa = PBXBuildFile; fileRef = 640A0F492086154E0037468F /* SRAppUserProfile.m */; };
		640A0F4E20862AD90037468F /* LoginViewController.m in Sources */ = {isa = PBXBuildFile; fileRef = 640A0F4D20862AD90037468F /* LoginViewController.m */; };
		640A0F5420862B200037468F /* RegisterViewController.m in Sources */ = {isa = PBXBuildFile; fileRef = 640A0F5320862B200037468F /* RegisterViewController.m */; };
		640A0F5720862B3B0037468F /* ForgotPasswordViewController.m in Sources */ = {isa = PBXBuildFile; fileRef = 640A0F5620862B3B0037468F /* ForgotPasswordViewController.m */; };
		640A0F5E20862B9A0037468F /* RegisterTableView.m in Sources */ = {isa = PBXBuildFile; fileRef = 640A0F5D20862B9A0037468F /* RegisterTableView.m */; };
		640A0F6220862BCF0037468F /* LoginTableView.m in Sources */ = {isa = PBXBuildFile; fileRef = 640A0F6120862BCF0037468F /* LoginTableView.m */; };
		640A0F6620862BFB0037468F /* ForgotPasswordTableView.m in Sources */ = {isa = PBXBuildFile; fileRef = 640A0F6520862BFB0037468F /* ForgotPasswordTableView.m */; };
		6455AE6D2081CD4600BE1A4F /* CalendarDataModel.m in Sources */ = {isa = PBXBuildFile; fileRef = 6455AE6C2081CD4600BE1A4F /* CalendarDataModel.m */; };
		64A112BD206735B7008C03C9 /* MineTableView.m in Sources */ = {isa = PBXBuildFile; fileRef = 64A112BC206735B7008C03C9 /* MineTableView.m */; };
		64D01C182082FECD00F27C10 /* DiaryListTableView.m in Sources */ = {isa = PBXBuildFile; fileRef = 64D01C172082FECD00F27C10 /* DiaryListTableView.m */; };
		64D01C1B2084E8FE00F27C10 /* DiaryListTableViewCell.m in Sources */ = {isa = PBXBuildFile; fileRef = 64D01C1A2084E8FE00F27C10 /* DiaryListTableViewCell.m */; };
		D1EE085C8543542AB9067104 /* libPods-SimpleRecord.a in Frameworks */ = {isa = PBXBuildFile; fileRef = 73104B1B8A13EF0DFCFECDBC /* libPods-SimpleRecord.a */; };
/* End PBXBuildFile section */

/* Begin PBXContainerItemProxy section */
		161DDBED204FB4E7000B195B /* PBXContainerItemProxy */ = {
			isa = PBXContainerItemProxy;
			containerPortal = 161DDBCC204FB4E7000B195B /* Project object */;
			proxyType = 1;
			remoteGlobalIDString = 161DDBD3204FB4E7000B195B;
			remoteInfo = SimpleRecord;
		};
		161DDBF8204FB4E7000B195B /* PBXContainerItemProxy */ = {
			isa = PBXContainerItemProxy;
			containerPortal = 161DDBCC204FB4E7000B195B /* Project object */;
			proxyType = 1;
			remoteGlobalIDString = 161DDBD3204FB4E7000B195B;
			remoteInfo = SimpleRecord;
		};
/* End PBXContainerItemProxy section */

/* Begin PBXFileReference section */
		160634942058B2EA006EC80A /* ChangeRecordStyleCustomView.h */ = {isa = PBXFileReference; lastKnownFileType = sourcecode.c.h; path = ChangeRecordStyleCustomView.h; sourceTree = "<group>"; };
		160634952058B2EA006EC80A /* ChangeRecordStyleCustomView.m */ = {isa = PBXFileReference; lastKnownFileType = sourcecode.c.objc; path = ChangeRecordStyleCustomView.m; sourceTree = "<group>"; };
		1612CA1D207355D000B693B7 /* MineStyleTwoViewController.h */ = {isa = PBXFileReference; lastKnownFileType = sourcecode.c.h; path = MineStyleTwoViewController.h; sourceTree = "<group>"; };
		1612CA1E207355D000B693B7 /* MineStyleTwoViewController.m */ = {isa = PBXFileReference; lastKnownFileType = sourcecode.c.objc; path = MineStyleTwoViewController.m; sourceTree = "<group>"; };
		1612CA26207365B100B693B7 /* AccountManagerViewController.h */ = {isa = PBXFileReference; lastKnownFileType = sourcecode.c.h; path = AccountManagerViewController.h; sourceTree = "<group>"; };
		1612CA27207365B100B693B7 /* AccountManagerViewController.m */ = {isa = PBXFileReference; lastKnownFileType = sourcecode.c.objc; path = AccountManagerViewController.m; sourceTree = "<group>"; };
		1612CA29207365DA00B693B7 /* ChageAppStyleViewController.h */ = {isa = PBXFileReference; lastKnownFileType = sourcecode.c.h; path = ChageAppStyleViewController.h; sourceTree = "<group>"; };
		1612CA2A207365DA00B693B7 /* ChageAppStyleViewController.m */ = {isa = PBXFileReference; lastKnownFileType = sourcecode.c.objc; path = ChageAppStyleViewController.m; sourceTree = "<group>"; };
		1612CA2C207367E700B693B7 /* FunctionConfigurationViewController.h */ = {isa = PBXFileReference; lastKnownFileType = sourcecode.c.h; path = FunctionConfigurationViewController.h; sourceTree = "<group>"; };
		1612CA2D207367E700B693B7 /* FunctionConfigurationViewController.m */ = {isa = PBXFileReference; lastKnownFileType = sourcecode.c.objc; path = FunctionConfigurationViewController.m; sourceTree = "<group>"; };
		1612CA2F2073683000B693B7 /* ArticleListViewController.h */ = {isa = PBXFileReference; lastKnownFileType = sourcecode.c.h; path = ArticleListViewController.h; sourceTree = "<group>"; };
		1612CA302073683000B693B7 /* ArticleListViewController.m */ = {isa = PBXFileReference; lastKnownFileType = sourcecode.c.objc; path = ArticleListViewController.m; sourceTree = "<group>"; };
		1612CA32207368BA00B693B7 /* DiaryListViewController.h */ = {isa = PBXFileReference; lastKnownFileType = sourcecode.c.h; path = DiaryListViewController.h; sourceTree = "<group>"; };
		1612CA33207368BA00B693B7 /* DiaryListViewController.m */ = {isa = PBXFileReference; lastKnownFileType = sourcecode.c.objc; path = DiaryListViewController.m; sourceTree = "<group>"; };
		1613265E204FEE2600CDE1EB /* UserDBOperationManager.h */ = {isa = PBXFileReference; lastKnownFileType = sourcecode.c.h; path = UserDBOperationManager.h; sourceTree = "<group>"; };
		1613265F204FEE2600CDE1EB /* UserDBOperationManager.m */ = {isa = PBXFileReference; lastKnownFileType = sourcecode.c.objc; path = UserDBOperationManager.m; sourceTree = "<group>"; };
		161DDBD4204FB4E7000B195B /* SimpleRecord.app */ = {isa = PBXFileReference; explicitFileType = wrapper.application; includeInIndex = 0; path = SimpleRecord.app; sourceTree = BUILT_PRODUCTS_DIR; };
		161DDBD7204FB4E7000B195B /* AppDelegate.h */ = {isa = PBXFileReference; lastKnownFileType = sourcecode.c.h; path = AppDelegate.h; sourceTree = "<group>"; };
		161DDBD8204FB4E7000B195B /* AppDelegate.m */ = {isa = PBXFileReference; lastKnownFileType = sourcecode.c.objc; path = AppDelegate.m; sourceTree = "<group>"; };
		161DDBDA204FB4E7000B195B /* ViewController.h */ = {isa = PBXFileReference; lastKnownFileType = sourcecode.c.h; path = ViewController.h; sourceTree = "<group>"; };
		161DDBDB204FB4E7000B195B /* ViewController.m */ = {isa = PBXFileReference; lastKnownFileType = sourcecode.c.objc; path = ViewController.m; sourceTree = "<group>"; };
		161DDBDE204FB4E7000B195B /* Base */ = {isa = PBXFileReference; lastKnownFileType = file.storyboard; name = Base; path = Base.lproj/Main.storyboard; sourceTree = "<group>"; };
		161DDBE0204FB4E7000B195B /* Assets.xcassets */ = {isa = PBXFileReference; lastKnownFileType = folder.assetcatalog; path = Assets.xcassets; sourceTree = "<group>"; };
		161DDBE3204FB4E7000B195B /* Base */ = {isa = PBXFileReference; lastKnownFileType = file.storyboard; name = Base; path = Base.lproj/LaunchScreen.storyboard; sourceTree = "<group>"; };
		161DDBE5204FB4E7000B195B /* Info.plist */ = {isa = PBXFileReference; lastKnownFileType = text.plist.xml; path = Info.plist; sourceTree = "<group>"; };
		161DDBE6204FB4E7000B195B /* main.m */ = {isa = PBXFileReference; lastKnownFileType = sourcecode.c.objc; path = main.m; sourceTree = "<group>"; };
		161DDBEC204FB4E7000B195B /* SimpleRecordTests.xctest */ = {isa = PBXFileReference; explicitFileType = wrapper.cfbundle; includeInIndex = 0; path = SimpleRecordTests.xctest; sourceTree = BUILT_PRODUCTS_DIR; };
		161DDBF0204FB4E7000B195B /* SimpleRecordTests.m */ = {isa = PBXFileReference; lastKnownFileType = sourcecode.c.objc; path = SimpleRecordTests.m; sourceTree = "<group>"; };
		161DDBF2204FB4E7000B195B /* Info.plist */ = {isa = PBXFileReference; lastKnownFileType = text.plist.xml; path = Info.plist; sourceTree = "<group>"; };
		161DDBF7204FB4E7000B195B /* SimpleRecordUITests.xctest */ = {isa = PBXFileReference; explicitFileType = wrapper.cfbundle; includeInIndex = 0; path = SimpleRecordUITests.xctest; sourceTree = BUILT_PRODUCTS_DIR; };
		161DDBFB204FB4E7000B195B /* SimpleRecordUITests.m */ = {isa = PBXFileReference; lastKnownFileType = sourcecode.c.objc; path = SimpleRecordUITests.m; sourceTree = "<group>"; };
		161DDBFD204FB4E7000B195B /* Info.plist */ = {isa = PBXFileReference; lastKnownFileType = text.plist.xml; path = Info.plist; sourceTree = "<group>"; };
		161DDC0A204FBD80000B195B /* CustomTabBarConterller.h */ = {isa = PBXFileReference; lastKnownFileType = sourcecode.c.h; path = CustomTabBarConterller.h; sourceTree = "<group>"; };
		161DDC0B204FBD80000B195B /* CustomTabBarConterller.m */ = {isa = PBXFileReference; lastKnownFileType = sourcecode.c.objc; path = CustomTabBarConterller.m; sourceTree = "<group>"; };
		161DDC0D204FC030000B195B /* CustomNavigationController.h */ = {isa = PBXFileReference; lastKnownFileType = sourcecode.c.h; path = CustomNavigationController.h; sourceTree = "<group>"; };
		161DDC0E204FC030000B195B /* CustomNavigationController.m */ = {isa = PBXFileReference; lastKnownFileType = sourcecode.c.objc; path = CustomNavigationController.m; sourceTree = "<group>"; };
		161DDC11204FC2BB000B195B /* AppSkinColorManger.h */ = {isa = PBXFileReference; lastKnownFileType = sourcecode.c.h; path = AppSkinColorManger.h; sourceTree = "<group>"; };
		161DDC12204FC2BB000B195B /* AppSkinColorManger.m */ = {isa = PBXFileReference; lastKnownFileType = sourcecode.c.objc; path = AppSkinColorManger.m; sourceTree = "<group>"; };
		161F1B47208F0CDD0039C089 /* RecordListModel.h */ = {isa = PBXFileReference; lastKnownFileType = sourcecode.c.h; path = RecordListModel.h; sourceTree = "<group>"; };
		161F1B48208F0CDD0039C089 /* RecordListModel.m */ = {isa = PBXFileReference; lastKnownFileType = sourcecode.c.objc; path = RecordListModel.m; sourceTree = "<group>"; };
		162E95122079A71C00D7562D /* ChangeAppStyleDetailViewController.h */ = {isa = PBXFileReference; lastKnownFileType = sourcecode.c.h; path = ChangeAppStyleDetailViewController.h; sourceTree = "<group>"; };
		162E95132079A71C00D7562D /* ChangeAppStyleDetailViewController.m */ = {isa = PBXFileReference; lastKnownFileType = sourcecode.c.objc; path = ChangeAppStyleDetailViewController.m; sourceTree = "<group>"; };
		162E95152079E58900D7562D /* ChangeAppStyleDetailView.h */ = {isa = PBXFileReference; lastKnownFileType = sourcecode.c.h; path = ChangeAppStyleDetailView.h; sourceTree = "<group>"; };
		162E95162079E58900D7562D /* ChangeAppStyleDetailView.m */ = {isa = PBXFileReference; lastKnownFileType = sourcecode.c.objc; path = ChangeAppStyleDetailView.m; sourceTree = "<group>"; };
		162E95182079FBB900D7562D /* XJDAlertView.m */ = {isa = PBXFileReference; fileEncoding = 4; lastKnownFileType = sourcecode.c.objc; path = XJDAlertView.m; sourceTree = "<group>"; };
		162E95192079FBB900D7562D /* XJDAlertView.h */ = {isa = PBXFileReference; fileEncoding = 4; lastKnownFileType = sourcecode.c.h; path = XJDAlertView.h; sourceTree = "<group>"; };
		1637FFD7205624650086F176 /* RecordTableHeadView.h */ = {isa = PBXFileReference; lastKnownFileType = sourcecode.c.h; path = RecordTableHeadView.h; sourceTree = "<group>"; };
		1637FFD8205624650086F176 /* RecordTableHeadView.m */ = {isa = PBXFileReference; lastKnownFileType = sourcecode.c.objc; path = RecordTableHeadView.m; sourceTree = "<group>"; };
		1637FFDA205627640086F176 /* Macro.h */ = {isa = PBXFileReference; lastKnownFileType = sourcecode.c.h; path = Macro.h; sourceTree = "<group>"; };
		1637FFDB20564D890086F176 /* RecordTableViewCell.h */ = {isa = PBXFileReference; lastKnownFileType = sourcecode.c.h; path = RecordTableViewCell.h; sourceTree = "<group>"; };
		1637FFDC20564D890086F176 /* RecordTableViewCell.m */ = {isa = PBXFileReference; lastKnownFileType = sourcecode.c.objc; path = RecordTableViewCell.m; sourceTree = "<group>"; };
		16382BA620732FFE0097EF43 /* CalendarStyleTwoViewController.h */ = {isa = PBXFileReference; lastKnownFileType = sourcecode.c.h; path = CalendarStyleTwoViewController.h; sourceTree = "<group>"; };
		16382BA720732FFE0097EF43 /* CalendarStyleTwoViewController.m */ = {isa = PBXFileReference; lastKnownFileType = sourcecode.c.objc; path = CalendarStyleTwoViewController.m; sourceTree = "<group>"; };
		16382BAA2073304A0097EF43 /* ZYCalendarManager.m */ = {isa = PBXFileReference; fileEncoding = 4; lastKnownFileType = sourcecode.c.objc; path = ZYCalendarManager.m; sourceTree = "<group>"; };
		16382BAB2073304A0097EF43 /* ZYWeekView.h */ = {isa = PBXFileReference; fileEncoding = 4; lastKnownFileType = sourcecode.c.h; path = ZYWeekView.h; sourceTree = "<group>"; };
		16382BAC2073304A0097EF43 /* JTDateHelper.m */ = {isa = PBXFileReference; fileEncoding = 4; lastKnownFileType = sourcecode.c.objc; path = JTDateHelper.m; sourceTree = "<group>"; };
		16382BAD2073304B0097EF43 /* ZYMonthView.h */ = {isa = PBXFileReference; fileEncoding = 4; lastKnownFileType = sourcecode.c.h; path = ZYMonthView.h; sourceTree = "<group>"; };
		16382BAE2073304B0097EF43 /* ZYDayView.m */ = {isa = PBXFileReference; fileEncoding = 4; lastKnownFileType = sourcecode.c.objc; path = ZYDayView.m; sourceTree = "<group>"; };
		16382BAF2073304B0097EF43 /* ZYCalendarView.h */ = {isa = PBXFileReference; fileEncoding = 4; lastKnownFileType = sourcecode.c.h; path = ZYCalendarView.h; sourceTree = "<group>"; };
		16382BB02073304B0097EF43 /* JTDateHelper.h */ = {isa = PBXFileReference; fileEncoding = 4; lastKnownFileType = sourcecode.c.h; path = JTDateHelper.h; sourceTree = "<group>"; };
		16382BB12073304B0097EF43 /* ZYDayView.h */ = {isa = PBXFileReference; fileEncoding = 4; lastKnownFileType = sourcecode.c.h; path = ZYDayView.h; sourceTree = "<group>"; };
		16382BB22073304B0097EF43 /* ZYCalendarManager.h */ = {isa = PBXFileReference; fileEncoding = 4; lastKnownFileType = sourcecode.c.h; path = ZYCalendarManager.h; sourceTree = "<group>"; };
		16382BB32073304B0097EF43 /* ZYCalendarView.m */ = {isa = PBXFileReference; fileEncoding = 4; lastKnownFileType = sourcecode.c.objc; path = ZYCalendarView.m; sourceTree = "<group>"; };
		16382BB52073304B0097EF43 /* backImg_end.png */ = {isa = PBXFileReference; lastKnownFileType = image.png; path = backImg_end.png; sourceTree = "<group>"; };
		16382BB62073304B0097EF43 /* backImg_start.png */ = {isa = PBXFileReference; lastKnownFileType = image.png; path = backImg_start.png; sourceTree = "<group>"; };
		16382BB72073304B0097EF43 /* circle.png */ = {isa = PBXFileReference; lastKnownFileType = image.png; path = circle.png; sourceTree = "<group>"; };
		16382BB82073304B0097EF43 /* circle_cir.png */ = {isa = PBXFileReference; lastKnownFileType = image.png; path = circle_cir.png; sourceTree = "<group>"; };
		16382BB92073304C0097EF43 /* ZYMonthView.m */ = {isa = PBXFileReference; fileEncoding = 4; lastKnownFileType = sourcecode.c.objc; path = ZYMonthView.m; sourceTree = "<group>"; };
		16382BBA2073304C0097EF43 /* ZYWeekView.m */ = {isa = PBXFileReference; fileEncoding = 4; lastKnownFileType = sourcecode.c.objc; path = ZYWeekView.m; sourceTree = "<group>"; };
		167162332088652F00DBA60A /* NSString+EnciphermentProtection.h */ = {isa = PBXFileReference; lastKnownFileType = sourcecode.c.h; path = "NSString+EnciphermentProtection.h"; sourceTree = "<group>"; };
		167162342088652F00DBA60A /* NSString+EnciphermentProtection.m */ = {isa = PBXFileReference; lastKnownFileType = sourcecode.c.objc; path = "NSString+EnciphermentProtection.m"; sourceTree = "<group>"; };
		16747A9E20720C38009E21C2 /* MineTableViewCell.h */ = {isa = PBXFileReference; lastKnownFileType = sourcecode.c.h; path = MineTableViewCell.h; sourceTree = "<group>"; };
		16747A9F20720C38009E21C2 /* MineTableViewCell.m */ = {isa = PBXFileReference; lastKnownFileType = sourcecode.c.objc; path = MineTableViewCell.m; sourceTree = "<group>"; };
		16747AA120722305009E21C2 /* iconfont.ttf */ = {isa = PBXFileReference; lastKnownFileType = file; path = iconfont.ttf; sourceTree = "<group>"; };
		16747AA32072348E009E21C2 /* RippleAnimationView.h */ = {isa = PBXFileReference; fileEncoding = 4; lastKnownFileType = sourcecode.c.h; path = RippleAnimationView.h; sourceTree = "<group>"; };
		16747AA42072348E009E21C2 /* RippleAnimationView.m */ = {isa = PBXFileReference; fileEncoding = 4; lastKnownFileType = sourcecode.c.objc; path = RippleAnimationView.m; sourceTree = "<group>"; };
		1676414F208D751A00FDC771 /* RecordDataModel.h */ = {isa = PBXFileReference; lastKnownFileType = sourcecode.c.h; path = RecordDataModel.h; sourceTree = "<group>"; };
		16764150208D751A00FDC771 /* RecordDataModel.m */ = {isa = PBXFileReference; lastKnownFileType = sourcecode.c.objc; path = RecordDataModel.m; sourceTree = "<group>"; };
		16764153208DBCAE00FDC771 /* AddOneArticleViewController.h */ = {isa = PBXFileReference; lastKnownFileType = sourcecode.c.h; path = AddOneArticleViewController.h; sourceTree = "<group>"; };
		16764154208DBCAE00FDC771 /* AddOneArticleViewController.m */ = {isa = PBXFileReference; lastKnownFileType = sourcecode.c.objc; path = AddOneArticleViewController.m; sourceTree = "<group>"; };
		16764157208DC36E00FDC771 /* AddOneArticleTableView.h */ = {isa = PBXFileReference; lastKnownFileType = sourcecode.c.h; path = AddOneArticleTableView.h; sourceTree = "<group>"; };
		16764158208DC36E00FDC771 /* AddOneArticleTableView.m */ = {isa = PBXFileReference; lastKnownFileType = sourcecode.c.objc; path = AddOneArticleTableView.m; sourceTree = "<group>"; };
		1686FE13207AFE0D00926A6C /* AddCalendarTableView.h */ = {isa = PBXFileReference; lastKnownFileType = sourcecode.c.h; path = AddCalendarTableView.h; sourceTree = "<group>"; };
		1686FE14207AFE0D00926A6C /* AddCalendarTableView.m */ = {isa = PBXFileReference; lastKnownFileType = sourcecode.c.objc; path = AddCalendarTableView.m; sourceTree = "<group>"; };
		16879CEB209077510029AC8F /* CalendarListModel.h */ = {isa = PBXFileReference; lastKnownFileType = sourcecode.c.h; path = CalendarListModel.h; sourceTree = "<group>"; };
		16879CEC209077510029AC8F /* CalendarListModel.m */ = {isa = PBXFileReference; lastKnownFileType = sourcecode.c.objc; path = CalendarListModel.m; sourceTree = "<group>"; };
		16879CEE20907B320029AC8F /* CalendarViewModel.h */ = {isa = PBXFileReference; lastKnownFileType = sourcecode.c.h; path = CalendarViewModel.h; sourceTree = "<group>"; };
		16879CEF20907B320029AC8F /* CalendarViewModel.m */ = {isa = PBXFileReference; lastKnownFileType = sourcecode.c.objc; path = CalendarViewModel.m; sourceTree = "<group>"; };
		1696E82A20522D130022B670 /* UIImage+color.h */ = {isa = PBXFileReference; lastKnownFileType = sourcecode.c.h; path = "UIImage+color.h"; sourceTree = "<group>"; };
		1696E82B20522D130022B670 /* UIImage+color.m */ = {isa = PBXFileReference; lastKnownFileType = sourcecode.c.objc; path = "UIImage+color.m"; sourceTree = "<group>"; };
		1696E830205254D50022B670 /* CalendarViewController.h */ = {isa = PBXFileReference; lastKnownFileType = sourcecode.c.h; path = CalendarViewController.h; sourceTree = "<group>"; };
		1696E831205254D50022B670 /* CalendarViewController.m */ = {isa = PBXFileReference; lastKnownFileType = sourcecode.c.objc; path = CalendarViewController.m; sourceTree = "<group>"; };
		1696E833205254E10022B670 /* RecordViewController.h */ = {isa = PBXFileReference; lastKnownFileType = sourcecode.c.h; path = RecordViewController.h; sourceTree = "<group>"; };
		1696E834205254E10022B670 /* RecordViewController.m */ = {isa = PBXFileReference; lastKnownFileType = sourcecode.c.objc; path = RecordViewController.m; sourceTree = "<group>"; };
		1696E836205254FB0022B670 /* MineViewController.h */ = {isa = PBXFileReference; lastKnownFileType = sourcecode.c.h; path = MineViewController.h; sourceTree = "<group>"; };
		1696E837205254FB0022B670 /* MineViewController.m */ = {isa = PBXFileReference; lastKnownFileType = sourcecode.c.objc; path = MineViewController.m; sourceTree = "<group>"; };
		1696E83A205258C80022B670 /* SRRouterManager.h */ = {isa = PBXFileReference; lastKnownFileType = sourcecode.c.h; path = SRRouterManager.h; sourceTree = "<group>"; };
		1696E83B205258C80022B670 /* SRRouterManager.m */ = {isa = PBXFileReference; lastKnownFileType = sourcecode.c.objc; path = SRRouterManager.m; sourceTree = "<group>"; };
		1696E83D20525A310022B670 /* SRRouterUrl.h */ = {isa = PBXFileReference; lastKnownFileType = sourcecode.c.h; path = SRRouterUrl.h; sourceTree = "<group>"; };
		16A2E047209453D800CEE4BF /* RecordViewModel.h */ = {isa = PBXFileReference; lastKnownFileType = sourcecode.c.h; path = RecordViewModel.h; sourceTree = "<group>"; };
		16A2E048209453D800CEE4BF /* RecordViewModel.m */ = {isa = PBXFileReference; lastKnownFileType = sourcecode.c.objc; path = RecordViewModel.m; sourceTree = "<group>"; };
		16AAC44C206DCF0A00068605 /* MineTableHeadView.h */ = {isa = PBXFileReference; lastKnownFileType = sourcecode.c.h; path = MineTableHeadView.h; sourceTree = "<group>"; };
		16AAC44D206DCF0A00068605 /* MineTableHeadView.m */ = {isa = PBXFileReference; lastKnownFileType = sourcecode.c.objc; path = MineTableHeadView.m; sourceTree = "<group>"; };
		16AB3396207318E500358E7E /* CCPCalendarButton.h */ = {isa = PBXFileReference; fileEncoding = 4; lastKnownFileType = sourcecode.c.h; path = CCPCalendarButton.h; sourceTree = "<group>"; };
		16AB3397207318E500358E7E /* CCPCalendarButton.m */ = {isa = PBXFileReference; fileEncoding = 4; lastKnownFileType = sourcecode.c.objc; path = CCPCalendarButton.m; sourceTree = "<group>"; };
		16AB3398207318E500358E7E /* CCPCalendarCellTableViewCell.h */ = {isa = PBXFileReference; fileEncoding = 4; lastKnownFileType = sourcecode.c.h; path = CCPCalendarCellTableViewCell.h; sourceTree = "<group>"; };
		16AB3399207318E500358E7E /* CCPCalendarCellTableViewCell.m */ = {isa = PBXFileReference; fileEncoding = 4; lastKnownFileType = sourcecode.c.objc; path = CCPCalendarCellTableViewCell.m; sourceTree = "<group>"; };
		16AB339A207318E500358E7E /* CCPCalendarHeader.h */ = {isa = PBXFileReference; fileEncoding = 4; lastKnownFileType = sourcecode.c.h; path = CCPCalendarHeader.h; sourceTree = "<group>"; };
		16AB339B207318E500358E7E /* CCPCalendarHeader.m */ = {isa = PBXFileReference; fileEncoding = 4; lastKnownFileType = sourcecode.c.objc; path = CCPCalendarHeader.m; sourceTree = "<group>"; };
		16AB339E207318E500358E7E /* CCPCalendarModel.h */ = {isa = PBXFileReference; fileEncoding = 4; lastKnownFileType = sourcecode.c.h; path = CCPCalendarModel.h; sourceTree = "<group>"; };
		16AB339F207318E500358E7E /* CCPCalendarModel.m */ = {isa = PBXFileReference; fileEncoding = 4; lastKnownFileType = sourcecode.c.objc; path = CCPCalendarModel.m; sourceTree = "<group>"; };
		16AB33A0207318E500358E7E /* CCPCalendarTable.h */ = {isa = PBXFileReference; fileEncoding = 4; lastKnownFileType = sourcecode.c.h; path = CCPCalendarTable.h; sourceTree = "<group>"; };
		16AB33A1207318E500358E7E /* CCPCalendarTable.m */ = {isa = PBXFileReference; fileEncoding = 4; lastKnownFileType = sourcecode.c.objc; path = CCPCalendarTable.m; sourceTree = "<group>"; };
		16AB33A2207318E500358E7E /* CCPCalendarView.h */ = {isa = PBXFileReference; fileEncoding = 4; lastKnownFileType = sourcecode.c.h; path = CCPCalendarView.h; sourceTree = "<group>"; };
		16AB33A3207318E500358E7E /* CCPCalendarView.m */ = {isa = PBXFileReference; fileEncoding = 4; lastKnownFileType = sourcecode.c.objc; path = CCPCalendarView.m; sourceTree = "<group>"; };
		16AB33A4207318E500358E7E /* NSDate+CCPCalendar.h */ = {isa = PBXFileReference; fileEncoding = 4; lastKnownFileType = sourcecode.c.h; path = "NSDate+CCPCalendar.h"; sourceTree = "<group>"; };
		16AB33A5207318E500358E7E /* NSDate+CCPCalendar.m */ = {isa = PBXFileReference; fileEncoding = 4; lastKnownFileType = sourcecode.c.objc; path = "NSDate+CCPCalendar.m"; sourceTree = "<group>"; };
		16AB33A6207318E500358E7E /* NSObject+CCPObjc.h */ = {isa = PBXFileReference; fileEncoding = 4; lastKnownFileType = sourcecode.c.h; path = "NSObject+CCPObjc.h"; sourceTree = "<group>"; };
		16AB33A7207318E500358E7E /* NSObject+CCPObjc.m */ = {isa = PBXFileReference; fileEncoding = 4; lastKnownFileType = sourcecode.c.objc; path = "NSObject+CCPObjc.m"; sourceTree = "<group>"; };
		16AB33A8207318E500358E7E /* UILabel+CCPLabel.h */ = {isa = PBXFileReference; fileEncoding = 4; lastKnownFileType = sourcecode.c.h; path = "UILabel+CCPLabel.h"; sourceTree = "<group>"; };
		16AB33A9207318E500358E7E /* UILabel+CCPLabel.m */ = {isa = PBXFileReference; fileEncoding = 4; lastKnownFileType = sourcecode.c.objc; path = "UILabel+CCPLabel.m"; sourceTree = "<group>"; };
		16AB33AA207318E500358E7E /* UIView+CCPView.h */ = {isa = PBXFileReference; fileEncoding = 4; lastKnownFileType = sourcecode.c.h; path = "UIView+CCPView.h"; sourceTree = "<group>"; };
		16AB33AB207318E500358E7E /* UIView+CCPView.m */ = {isa = PBXFileReference; fileEncoding = 4; lastKnownFileType = sourcecode.c.objc; path = "UIView+CCPView.m"; sourceTree = "<group>"; };
		16AE90C12074C725004EBF34 /* StyleTypeTableViewCell.h */ = {isa = PBXFileReference; lastKnownFileType = sourcecode.c.h; path = StyleTypeTableViewCell.h; sourceTree = "<group>"; };
		16AE90C22074C725004EBF34 /* StyleTypeTableViewCell.m */ = {isa = PBXFileReference; lastKnownFileType = sourcecode.c.objc; path = StyleTypeTableViewCell.m; sourceTree = "<group>"; };
		16CEFC8F20633D42004230D7 /* RecordStyleTwoTableView.h */ = {isa = PBXFileReference; lastKnownFileType = sourcecode.c.h; path = RecordStyleTwoTableView.h; sourceTree = "<group>"; };
		16CEFC9020633D42004230D7 /* RecordStyleTwoTableView.m */ = {isa = PBXFileReference; lastKnownFileType = sourcecode.c.objc; path = RecordStyleTwoTableView.m; sourceTree = "<group>"; };
		16CEFC922063435B004230D7 /* RecordStyleTwoTableViewCell.h */ = {isa = PBXFileReference; lastKnownFileType = sourcecode.c.h; path = RecordStyleTwoTableViewCell.h; sourceTree = "<group>"; };
		16CEFC932063435B004230D7 /* RecordStyleTwoTableViewCell.m */ = {isa = PBXFileReference; lastKnownFileType = sourcecode.c.objc; path = RecordStyleTwoTableViewCell.m; sourceTree = "<group>"; };
		16CEFC9820634920004230D7 /* UIView+Snapshot.h */ = {isa = PBXFileReference; lastKnownFileType = sourcecode.c.h; path = "UIView+Snapshot.h"; sourceTree = "<group>"; };
		16CEFC9920634920004230D7 /* UIView+Snapshot.m */ = {isa = PBXFileReference; lastKnownFileType = sourcecode.c.objc; path = "UIView+Snapshot.m"; sourceTree = "<group>"; };
		16CEFC9B20634AC8004230D7 /* RotatedView.h */ = {isa = PBXFileReference; lastKnownFileType = sourcecode.c.h; path = RotatedView.h; sourceTree = "<group>"; };
		16CEFC9C20634AC8004230D7 /* RotatedView.m */ = {isa = PBXFileReference; lastKnownFileType = sourcecode.c.objc; path = RotatedView.m; sourceTree = "<group>"; };
		16CEFC9E206350C0004230D7 /* SwitchConfigurationManager.h */ = {isa = PBXFileReference; lastKnownFileType = sourcecode.c.h; path = SwitchConfigurationManager.h; sourceTree = "<group>"; };
		16CEFC9F206350C0004230D7 /* SwitchConfigurationManager.m */ = {isa = PBXFileReference; lastKnownFileType = sourcecode.c.objc; path = SwitchConfigurationManager.m; sourceTree = "<group>"; };
		16CEFCA1206355ED004230D7 /* RecordStyleTwoViewController.h */ = {isa = PBXFileReference; lastKnownFileType = sourcecode.c.h; path = RecordStyleTwoViewController.h; sourceTree = "<group>"; };
		16CEFCA2206355ED004230D7 /* RecordStyleTwoViewController.m */ = {isa = PBXFileReference; lastKnownFileType = sourcecode.c.objc; path = RecordStyleTwoViewController.m; sourceTree = "<group>"; };
		16CEFCA620637988004230D7 /* StyleTwoCell.xib */ = {isa = PBXFileReference; lastKnownFileType = file.xib; path = StyleTwoCell.xib; sourceTree = "<group>"; };
		16CF527820737ECE00CDE453 /* StyleTypeTableView.h */ = {isa = PBXFileReference; lastKnownFileType = sourcecode.c.h; path = StyleTypeTableView.h; sourceTree = "<group>"; };
		16CF527920737ECE00CDE453 /* StyleTypeTableView.m */ = {isa = PBXFileReference; lastKnownFileType = sourcecode.c.objc; path = StyleTypeTableView.m; sourceTree = "<group>"; };
		16F29329205290550094F490 /* RecordTableView.h */ = {isa = PBXFileReference; lastKnownFileType = sourcecode.c.h; path = RecordTableView.h; sourceTree = "<group>"; };
		16F2932A205290550094F490 /* RecordTableView.m */ = {isa = PBXFileReference; lastKnownFileType = sourcecode.c.objc; path = RecordTableView.m; sourceTree = "<group>"; };
		16FB0A1C207A197F002D07AC /* AddDiaryViewController.h */ = {isa = PBXFileReference; lastKnownFileType = sourcecode.c.h; path = AddDiaryViewController.h; sourceTree = "<group>"; };
		16FB0A1D207A197F002D07AC /* AddDiaryViewController.m */ = {isa = PBXFileReference; lastKnownFileType = sourcecode.c.objc; path = AddDiaryViewController.m; sourceTree = "<group>"; };
		16FD282820872064004D91F4 /* CaptchaView.h */ = {isa = PBXFileReference; fileEncoding = 4; lastKnownFileType = sourcecode.c.h; path = CaptchaView.h; sourceTree = "<group>"; };
		16FD282920872065004D91F4 /* CaptchaView.m */ = {isa = PBXFileReference; fileEncoding = 4; lastKnownFileType = sourcecode.c.objc; path = CaptchaView.m; sourceTree = "<group>"; };
		16FD282A20872065004D91F4 /* LoginTableViewFillInfoCell.h */ = {isa = PBXFileReference; fileEncoding = 4; lastKnownFileType = sourcecode.c.h; path = LoginTableViewFillInfoCell.h; sourceTree = "<group>"; };
		16FD282B20872065004D91F4 /* LoginTableViewFillInfoCell.m */ = {isa = PBXFileReference; fileEncoding = 4; lastKnownFileType = sourcecode.c.objc; path = LoginTableViewFillInfoCell.m; sourceTree = "<group>"; };
		16FD282E208720E0004D91F4 /* ForgotPasswordTableViewCell.h */ = {isa = PBXFileReference; fileEncoding = 4; lastKnownFileType = sourcecode.c.h; path = ForgotPasswordTableViewCell.h; sourceTree = "<group>"; };
		16FD282F208720E1004D91F4 /* ForgotPasswordTableViewCell.m */ = {isa = PBXFileReference; fileEncoding = 4; lastKnownFileType = sourcecode.c.objc; path = ForgotPasswordTableViewCell.m; sourceTree = "<group>"; };
		16FD2831208720F4004D91F4 /* RegisterTableViewCell.h */ = {isa = PBXFileReference; fileEncoding = 4; lastKnownFileType = sourcecode.c.h; path = RegisterTableViewCell.h; sourceTree = "<group>"; };
		16FD2832208720F4004D91F4 /* RegisterTableViewCell.m */ = {isa = PBXFileReference; fileEncoding = 4; lastKnownFileType = sourcecode.c.objc; path = RegisterTableViewCell.m; sourceTree = "<group>"; };
		16FD28342087219B004D91F4 /* RDCountDownButton.m */ = {isa = PBXFileReference; fileEncoding = 4; lastKnownFileType = sourcecode.c.objc; path = RDCountDownButton.m; sourceTree = "<group>"; };
		16FD28352087219B004D91F4 /* RDCountDownButton.h */ = {isa = PBXFileReference; fileEncoding = 4; lastKnownFileType = sourcecode.c.h; path = RDCountDownButton.h; sourceTree = "<group>"; };
		16FD2838208731DB004D91F4 /* NOTICE.h */ = {isa = PBXFileReference; lastKnownFileType = sourcecode.c.h; path = NOTICE.h; sourceTree = "<group>"; };
		16FD283A20874BC2004D91F4 /* SRUserArticleProfile.h */ = {isa = PBXFileReference; lastKnownFileType = sourcecode.c.h; path = SRUserArticleProfile.h; sourceTree = "<group>"; };
		16FD283B20874BC2004D91F4 /* SRUserArticleProfile.m */ = {isa = PBXFileReference; lastKnownFileType = sourcecode.c.objc; path = SRUserArticleProfile.m; sourceTree = "<group>"; };
		16FD283D20874C37004D91F4 /* SRUserDiaryProfile.h */ = {isa = PBXFileReference; lastKnownFileType = sourcecode.c.h; path = SRUserDiaryProfile.h; sourceTree = "<group>"; };
		16FD283E20874C37004D91F4 /* SRUserDiaryProfile.m */ = {isa = PBXFileReference; lastKnownFileType = sourcecode.c.objc; path = SRUserDiaryProfile.m; sourceTree = "<group>"; };
		640A0F482086154E0037468F /* SRAppUserProfile.h */ = {isa = PBXFileReference; lastKnownFileType = sourcecode.c.h; path = SRAppUserProfile.h; sourceTree = "<group>"; };
		640A0F492086154E0037468F /* SRAppUserProfile.m */ = {isa = PBXFileReference; lastKnownFileType = sourcecode.c.objc; path = SRAppUserProfile.m; sourceTree = "<group>"; };
		640A0F4C20862AD90037468F /* LoginViewController.h */ = {isa = PBXFileReference; lastKnownFileType = sourcecode.c.h; path = LoginViewController.h; sourceTree = "<group>"; };
		640A0F4D20862AD90037468F /* LoginViewController.m */ = {isa = PBXFileReference; lastKnownFileType = sourcecode.c.objc; path = LoginViewController.m; sourceTree = "<group>"; };
		640A0F5220862B200037468F /* RegisterViewController.h */ = {isa = PBXFileReference; lastKnownFileType = sourcecode.c.h; path = RegisterViewController.h; sourceTree = "<group>"; };
		640A0F5320862B200037468F /* RegisterViewController.m */ = {isa = PBXFileReference; lastKnownFileType = sourcecode.c.objc; path = RegisterViewController.m; sourceTree = "<group>"; };
		640A0F5520862B3B0037468F /* ForgotPasswordViewController.h */ = {isa = PBXFileReference; lastKnownFileType = sourcecode.c.h; path = ForgotPasswordViewController.h; sourceTree = "<group>"; };
		640A0F5620862B3B0037468F /* ForgotPasswordViewController.m */ = {isa = PBXFileReference; lastKnownFileType = sourcecode.c.objc; path = ForgotPasswordViewController.m; sourceTree = "<group>"; };
		640A0F5C20862B9A0037468F /* RegisterTableView.h */ = {isa = PBXFileReference; lastKnownFileType = sourcecode.c.h; path = RegisterTableView.h; sourceTree = "<group>"; };
		640A0F5D20862B9A0037468F /* RegisterTableView.m */ = {isa = PBXFileReference; lastKnownFileType = sourcecode.c.objc; path = RegisterTableView.m; sourceTree = "<group>"; };
		640A0F6020862BCF0037468F /* LoginTableView.h */ = {isa = PBXFileReference; lastKnownFileType = sourcecode.c.h; path = LoginTableView.h; sourceTree = "<group>"; };
		640A0F6120862BCF0037468F /* LoginTableView.m */ = {isa = PBXFileReference; lastKnownFileType = sourcecode.c.objc; path = LoginTableView.m; sourceTree = "<group>"; };
		640A0F6420862BFB0037468F /* ForgotPasswordTableView.h */ = {isa = PBXFileReference; lastKnownFileType = sourcecode.c.h; path = ForgotPasswordTableView.h; sourceTree = "<group>"; };
		640A0F6520862BFB0037468F /* ForgotPasswordTableView.m */ = {isa = PBXFileReference; lastKnownFileType = sourcecode.c.objc; path = ForgotPasswordTableView.m; sourceTree = "<group>"; };
		6455AE6B2081CD4600BE1A4F /* CalendarDataModel.h */ = {isa = PBXFileReference; lastKnownFileType = sourcecode.c.h; path = CalendarDataModel.h; sourceTree = "<group>"; };
		6455AE6C2081CD4600BE1A4F /* CalendarDataModel.m */ = {isa = PBXFileReference; lastKnownFileType = sourcecode.c.objc; path = CalendarDataModel.m; sourceTree = "<group>"; };
		64A112BB206735B7008C03C9 /* MineTableView.h */ = {isa = PBXFileReference; lastKnownFileType = sourcecode.c.h; path = MineTableView.h; sourceTree = "<group>"; };
		64A112BC206735B7008C03C9 /* MineTableView.m */ = {isa = PBXFileReference; lastKnownFileType = sourcecode.c.objc; path = MineTableView.m; sourceTree = "<group>"; };
		64D01C162082FECD00F27C10 /* DiaryListTableView.h */ = {isa = PBXFileReference; lastKnownFileType = sourcecode.c.h; path = DiaryListTableView.h; sourceTree = "<group>"; };
		64D01C172082FECD00F27C10 /* DiaryListTableView.m */ = {isa = PBXFileReference; lastKnownFileType = sourcecode.c.objc; path = DiaryListTableView.m; sourceTree = "<group>"; };
		64D01C192084E8FE00F27C10 /* DiaryListTableViewCell.h */ = {isa = PBXFileReference; lastKnownFileType = sourcecode.c.h; path = DiaryListTableViewCell.h; sourceTree = "<group>"; };
		64D01C1A2084E8FE00F27C10 /* DiaryListTableViewCell.m */ = {isa = PBXFileReference; lastKnownFileType = sourcecode.c.objc; path = DiaryListTableViewCell.m; sourceTree = "<group>"; };
		68EBA188898C1E0630CE17CC /* Pods-SimpleRecord.release.xcconfig */ = {isa = PBXFileReference; includeInIndex = 1; lastKnownFileType = text.xcconfig; name = "Pods-SimpleRecord.release.xcconfig"; path = "Pods/Target Support Files/Pods-SimpleRecord/Pods-SimpleRecord.release.xcconfig"; sourceTree = "<group>"; };
		73104B1B8A13EF0DFCFECDBC /* libPods-SimpleRecord.a */ = {isa = PBXFileReference; explicitFileType = archive.ar; includeInIndex = 0; path = "libPods-SimpleRecord.a"; sourceTree = BUILT_PRODUCTS_DIR; };
		7C72DB3D72D1082653B5233D /* Pods-SimpleRecord.debug.xcconfig */ = {isa = PBXFileReference; includeInIndex = 1; lastKnownFileType = text.xcconfig; name = "Pods-SimpleRecord.debug.xcconfig"; path = "Pods/Target Support Files/Pods-SimpleRecord/Pods-SimpleRecord.debug.xcconfig"; sourceTree = "<group>"; };
/* End PBXFileReference section */

/* Begin PBXFrameworksBuildPhase section */
		161DDBD1204FB4E7000B195B /* Frameworks */ = {
			isa = PBXFrameworksBuildPhase;
			buildActionMask = 2147483647;
			files = (
				D1EE085C8543542AB9067104 /* libPods-SimpleRecord.a in Frameworks */,
			);
			runOnlyForDeploymentPostprocessing = 0;
		};
		161DDBE9204FB4E7000B195B /* Frameworks */ = {
			isa = PBXFrameworksBuildPhase;
			buildActionMask = 2147483647;
			files = (
			);
			runOnlyForDeploymentPostprocessing = 0;
		};
		161DDBF4204FB4E7000B195B /* Frameworks */ = {
			isa = PBXFrameworksBuildPhase;
			buildActionMask = 2147483647;
			files = (
			);
			runOnlyForDeploymentPostprocessing = 0;
		};
/* End PBXFrameworksBuildPhase section */

/* Begin PBXGroup section */
		02F3D1806E04E5323600F7BB /* Pods */ = {
			isa = PBXGroup;
			children = (
				7C72DB3D72D1082653B5233D /* Pods-SimpleRecord.debug.xcconfig */,
				68EBA188898C1E0630CE17CC /* Pods-SimpleRecord.release.xcconfig */,
			);
			name = Pods;
			sourceTree = "<group>";
		};
		1612CA1C207355A900B693B7 /* style two */ = {
			isa = PBXGroup;
			children = (
				1612CA20207355D600B693B7 /* mine collection */,
				1612CA1D207355D000B693B7 /* MineStyleTwoViewController.h */,
				1612CA1E207355D000B693B7 /* MineStyleTwoViewController.m */,
			);
			path = "style two";
			sourceTree = "<group>";
		};
		1612CA20207355D600B693B7 /* mine collection */ = {
			isa = PBXGroup;
			children = (
			);
			path = "mine collection";
			sourceTree = "<group>";
		};
		1612CA21207356A600B693B7 /* diary */ = {
			isa = PBXGroup;
			children = (
				64D01C152082FEA100F27C10 /* diary Table */,
				1612CA32207368BA00B693B7 /* DiaryListViewController.h */,
				1612CA33207368BA00B693B7 /* DiaryListViewController.m */,
			);
			path = diary;
			sourceTree = "<group>";
		};
		1612CA22207356D600B693B7 /* article */ = {
			isa = PBXGroup;
			children = (
				16879CE02090582E0029AC8F /* articleTable */,
				1612CA2F2073683000B693B7 /* ArticleListViewController.h */,
				1612CA302073683000B693B7 /* ArticleListViewController.m */,
			);
			path = article;
			sourceTree = "<group>";
		};
		1612CA23207356E000B693B7 /* function */ = {
			isa = PBXGroup;
			children = (
				1612CA2C207367E700B693B7 /* FunctionConfigurationViewController.h */,
				1612CA2D207367E700B693B7 /* FunctionConfigurationViewController.m */,
			);
			path = function;
			sourceTree = "<group>";
		};
		1612CA24207356E900B693B7 /* style */ = {
			isa = PBXGroup;
			children = (
				162E95112079A6DD00D7562D /* detail style */,
				16CF527720737E9900CDE453 /* StyleTypeTable */,
				1612CA29207365DA00B693B7 /* ChageAppStyleViewController.h */,
				1612CA2A207365DA00B693B7 /* ChageAppStyleViewController.m */,
			);
			path = style;
			sourceTree = "<group>";
		};
		1612CA25207356F400B693B7 /* account manager */ = {
			isa = PBXGroup;
			children = (
				1612CA26207365B100B693B7 /* AccountManagerViewController.h */,
				1612CA27207365B100B693B7 /* AccountManagerViewController.m */,
			);
			path = "account manager";
			sourceTree = "<group>";
		};
		161DDBCB204FB4E7000B195B = {
			isa = PBXGroup;
			children = (
				161DDBD6204FB4E7000B195B /* SimpleRecord */,
				161DDBEF204FB4E7000B195B /* SimpleRecordTests */,
				161DDBFA204FB4E7000B195B /* SimpleRecordUITests */,
				161DDBD5204FB4E7000B195B /* Products */,
				02F3D1806E04E5323600F7BB /* Pods */,
				E243B23DCB35EE8DC39A01B2 /* Frameworks */,
			);
			sourceTree = "<group>";
		};
		161DDBD5204FB4E7000B195B /* Products */ = {
			isa = PBXGroup;
			children = (
				161DDBD4204FB4E7000B195B /* SimpleRecord.app */,
				161DDBEC204FB4E7000B195B /* SimpleRecordTests.xctest */,
				161DDBF7204FB4E7000B195B /* SimpleRecordUITests.xctest */,
			);
			name = Products;
			sourceTree = "<group>";
		};
		161DDBD6204FB4E7000B195B /* SimpleRecord */ = {
			isa = PBXGroup;
			children = (
				640A0F4B20862AAE0037468F /* LoginAndRegister */,
				16747AA120722305009E21C2 /* iconfont.ttf */,
				1696E839205258820022B670 /* Tool */,
				1696E82920522C590022B670 /* Category */,
				161DDC10204FC284000B195B /* Manager */,
				161DDC09204FBB57000B195B /* BaseControllers */,
				1696E82D20523C150022B670 /* Calendar */,
				1696E82E20523CCD0022B670 /* Record */,
				1696E82F20523CDE0022B670 /* Mine */,
				161DDBD7204FB4E7000B195B /* AppDelegate.h */,
				161DDBD8204FB4E7000B195B /* AppDelegate.m */,
				161DDBDA204FB4E7000B195B /* ViewController.h */,
				161DDBDB204FB4E7000B195B /* ViewController.m */,
				161DDBDD204FB4E7000B195B /* Main.storyboard */,
				161DDBE0204FB4E7000B195B /* Assets.xcassets */,
				161DDBE2204FB4E7000B195B /* LaunchScreen.storyboard */,
				161DDBE5204FB4E7000B195B /* Info.plist */,
				161DDBE6204FB4E7000B195B /* main.m */,
			);
			path = SimpleRecord;
			sourceTree = "<group>";
		};
		161DDBEF204FB4E7000B195B /* SimpleRecordTests */ = {
			isa = PBXGroup;
			children = (
				161DDBF0204FB4E7000B195B /* SimpleRecordTests.m */,
				161DDBF2204FB4E7000B195B /* Info.plist */,
			);
			path = SimpleRecordTests;
			sourceTree = "<group>";
		};
		161DDBFA204FB4E7000B195B /* SimpleRecordUITests */ = {
			isa = PBXGroup;
			children = (
				161DDBFB204FB4E7000B195B /* SimpleRecordUITests.m */,
				161DDBFD204FB4E7000B195B /* Info.plist */,
			);
			path = SimpleRecordUITests;
			sourceTree = "<group>";
		};
		161DDC09204FBB57000B195B /* BaseControllers */ = {
			isa = PBXGroup;
			children = (
				161DDC0A204FBD80000B195B /* CustomTabBarConterller.h */,
				161DDC0B204FBD80000B195B /* CustomTabBarConterller.m */,
				161DDC0D204FC030000B195B /* CustomNavigationController.h */,
				161DDC0E204FC030000B195B /* CustomNavigationController.m */,
			);
			path = BaseControllers;
			sourceTree = "<group>";
		};
		161DDC10204FC284000B195B /* Manager */ = {
			isa = PBXGroup;
			children = (
				16FD283920874B38004D91F4 /* DataBase */,
				161DDC11204FC2BB000B195B /* AppSkinColorManger.h */,
				161DDC12204FC2BB000B195B /* AppSkinColorManger.m */,
				1696E83A205258C80022B670 /* SRRouterManager.h */,
				1696E83B205258C80022B670 /* SRRouterManager.m */,
				1696E83D20525A310022B670 /* SRRouterUrl.h */,
				16CEFC9E206350C0004230D7 /* SwitchConfigurationManager.h */,
				16CEFC9F206350C0004230D7 /* SwitchConfigurationManager.m */,
			);
			path = Manager;
			sourceTree = "<group>";
		};
		162E95112079A6DD00D7562D /* detail style */ = {
			isa = PBXGroup;
			children = (
				162E95122079A71C00D7562D /* ChangeAppStyleDetailViewController.h */,
				162E95132079A71C00D7562D /* ChangeAppStyleDetailViewController.m */,
				162E95152079E58900D7562D /* ChangeAppStyleDetailView.h */,
				162E95162079E58900D7562D /* ChangeAppStyleDetailView.m */,
			);
			path = "detail style";
			sourceTree = "<group>";
		};
		16382BA320732F7D0097EF43 /* style one */ = {
			isa = PBXGroup;
			children = (
				16AB3395207318E500358E7E /* CCPCalendar */,
				1696E830205254D50022B670 /* CalendarViewController.h */,
				1696E831205254D50022B670 /* CalendarViewController.m */,
			);
			path = "style one";
			sourceTree = "<group>";
		};
		16382BA520732FAE0097EF43 /* style two */ = {
			isa = PBXGroup;
			children = (
				6455AE6A2081CCFF00BE1A4F /* CalendarDataModel */,
				1686FE11207AFDD800926A6C /* AddCalendar */,
				16382BA9207330270097EF43 /* Calendar */,
				16382BA620732FFE0097EF43 /* CalendarStyleTwoViewController.h */,
				16382BA720732FFE0097EF43 /* CalendarStyleTwoViewController.m */,
			);
			path = "style two";
			sourceTree = "<group>";
		};
		16382BA9207330270097EF43 /* Calendar */ = {
			isa = PBXGroup;
			children = (
				16382BB42073304B0097EF43 /* Images */,
				16382BB02073304B0097EF43 /* JTDateHelper.h */,
				16382BAC2073304A0097EF43 /* JTDateHelper.m */,
				16382BB22073304B0097EF43 /* ZYCalendarManager.h */,
				16382BAA2073304A0097EF43 /* ZYCalendarManager.m */,
				16382BAF2073304B0097EF43 /* ZYCalendarView.h */,
				16382BB32073304B0097EF43 /* ZYCalendarView.m */,
				16382BB12073304B0097EF43 /* ZYDayView.h */,
				16382BAE2073304B0097EF43 /* ZYDayView.m */,
				16382BAD2073304B0097EF43 /* ZYMonthView.h */,
				16382BB92073304C0097EF43 /* ZYMonthView.m */,
				16382BAB2073304A0097EF43 /* ZYWeekView.h */,
				16382BBA2073304C0097EF43 /* ZYWeekView.m */,
			);
			path = Calendar;
			sourceTree = "<group>";
		};
		16382BB42073304B0097EF43 /* Images */ = {
			isa = PBXGroup;
			children = (
				16382BB52073304B0097EF43 /* backImg_end.png */,
				16382BB62073304B0097EF43 /* backImg_start.png */,
				16382BB72073304B0097EF43 /* circle.png */,
				16382BB82073304B0097EF43 /* circle_cir.png */,
			);
			path = Images;
			sourceTree = "<group>";
		};
		1676414E208D74F500FDC771 /* RecordDataModel */ = {
			isa = PBXGroup;
			children = (
				161F1B47208F0CDD0039C089 /* RecordListModel.h */,
				161F1B48208F0CDD0039C089 /* RecordListModel.m */,
				1676414F208D751A00FDC771 /* RecordDataModel.h */,
				16764150208D751A00FDC771 /* RecordDataModel.m */,
				16A2E047209453D800CEE4BF /* RecordViewModel.h */,
				16A2E048209453D800CEE4BF /* RecordViewModel.m */,
			);
			path = RecordDataModel;
			sourceTree = "<group>";
		};
		16764152208DBC8800FDC771 /* AddOneArticle */ = {
			isa = PBXGroup;
			children = (
				16764156208DC33C00FDC771 /* AddOneArticleTable */,
				16764153208DBCAE00FDC771 /* AddOneArticleViewController.h */,
				16764154208DBCAE00FDC771 /* AddOneArticleViewController.m */,
			);
			path = AddOneArticle;
			sourceTree = "<group>";
		};
		16764156208DC33C00FDC771 /* AddOneArticleTable */ = {
			isa = PBXGroup;
			children = (
				16764157208DC36E00FDC771 /* AddOneArticleTableView.h */,
				16764158208DC36E00FDC771 /* AddOneArticleTableView.m */,
			);
			path = AddOneArticleTable;
			sourceTree = "<group>";
		};
		1686FE11207AFDD800926A6C /* AddCalendar */ = {
			isa = PBXGroup;
			children = (
				1686FE12207AFDEE00926A6C /* AddCalendarTableView */,
				16FB0A1C207A197F002D07AC /* AddDiaryViewController.h */,
				16FB0A1D207A197F002D07AC /* AddDiaryViewController.m */,
			);
			path = AddCalendar;
			sourceTree = "<group>";
		};
		1686FE12207AFDEE00926A6C /* AddCalendarTableView */ = {
			isa = PBXGroup;
			children = (
				1686FE13207AFE0D00926A6C /* AddCalendarTableView.h */,
				1686FE14207AFE0D00926A6C /* AddCalendarTableView.m */,
			);
			path = AddCalendarTableView;
			sourceTree = "<group>";
		};
		16879CE02090582E0029AC8F /* articleTable */ = {
			isa = PBXGroup;
			children = (
			);
			path = articleTable;
			sourceTree = "<group>";
		};
		1696E82920522C590022B670 /* Category */ = {
			isa = PBXGroup;
			children = (
				1696E82A20522D130022B670 /* UIImage+color.h */,
				1696E82B20522D130022B670 /* UIImage+color.m */,
				16CEFC9820634920004230D7 /* UIView+Snapshot.h */,
				16CEFC9920634920004230D7 /* UIView+Snapshot.m */,
				167162332088652F00DBA60A /* NSString+EnciphermentProtection.h */,
				167162342088652F00DBA60A /* NSString+EnciphermentProtection.m */,
			);
			path = Category;
			sourceTree = "<group>";
		};
		1696E82D20523C150022B670 /* Calendar */ = {
			isa = PBXGroup;
			children = (
				16382BA520732FAE0097EF43 /* style two */,
				16382BA320732F7D0097EF43 /* style one */,
			);
			path = Calendar;
			sourceTree = "<group>";
		};
		1696E82E20523CCD0022B670 /* Record */ = {
			isa = PBXGroup;
			children = (
				16CEFC8D20633CD2004230D7 /* style one */,
				16CEFC8E20633CE7004230D7 /* style two */,
			);
			path = Record;
			sourceTree = "<group>";
		};
		1696E82F20523CDE0022B670 /* Mine */ = {
			isa = PBXGroup;
			children = (
				1612CA25207356F400B693B7 /* account manager */,
				1612CA24207356E900B693B7 /* style */,
				1612CA23207356E000B693B7 /* function */,
				1612CA22207356D600B693B7 /* article */,
				1612CA21207356A600B693B7 /* diary */,
				1612CA1C207355A900B693B7 /* style two */,
				16AAC44B206DC68700068605 /* style one */,
			);
			path = Mine;
			sourceTree = "<group>";
		};
		1696E839205258820022B670 /* Tool */ = {
			isa = PBXGroup;
			children = (
				16FD28352087219B004D91F4 /* RDCountDownButton.h */,
				16FD28342087219B004D91F4 /* RDCountDownButton.m */,
				162E95192079FBB900D7562D /* XJDAlertView.h */,
				162E95182079FBB900D7562D /* XJDAlertView.m */,
				1637FFDA205627640086F176 /* Macro.h */,
				16FD2838208731DB004D91F4 /* NOTICE.h */,
			);
			path = Tool;
			sourceTree = "<group>";
		};
		16AAC44B206DC68700068605 /* style one */ = {
			isa = PBXGroup;
			children = (
				64A112B820673575008C03C9 /* MineTable */,
				1696E836205254FB0022B670 /* MineViewController.h */,
				1696E837205254FB0022B670 /* MineViewController.m */,
			);
			path = "style one";
			sourceTree = "<group>";
		};
		16AB3395207318E500358E7E /* CCPCalendar */ = {
			isa = PBXGroup;
			children = (
				16AB3396207318E500358E7E /* CCPCalendarButton.h */,
				16AB3397207318E500358E7E /* CCPCalendarButton.m */,
				16AB3398207318E500358E7E /* CCPCalendarCellTableViewCell.h */,
				16AB3399207318E500358E7E /* CCPCalendarCellTableViewCell.m */,
				16AB339A207318E500358E7E /* CCPCalendarHeader.h */,
				16AB339B207318E500358E7E /* CCPCalendarHeader.m */,
				16AB339E207318E500358E7E /* CCPCalendarModel.h */,
				16AB339F207318E500358E7E /* CCPCalendarModel.m */,
				16AB33A0207318E500358E7E /* CCPCalendarTable.h */,
				16AB33A1207318E500358E7E /* CCPCalendarTable.m */,
				16AB33A2207318E500358E7E /* CCPCalendarView.h */,
				16AB33A3207318E500358E7E /* CCPCalendarView.m */,
				16AB33A4207318E500358E7E /* NSDate+CCPCalendar.h */,
				16AB33A5207318E500358E7E /* NSDate+CCPCalendar.m */,
				16AB33A6207318E500358E7E /* NSObject+CCPObjc.h */,
				16AB33A7207318E500358E7E /* NSObject+CCPObjc.m */,
				16AB33A8207318E500358E7E /* UILabel+CCPLabel.h */,
				16AB33A9207318E500358E7E /* UILabel+CCPLabel.m */,
				16AB33AA207318E500358E7E /* UIView+CCPView.h */,
				16AB33AB207318E500358E7E /* UIView+CCPView.m */,
			);
			path = CCPCalendar;
			sourceTree = "<group>";
		};
		16CEFC8D20633CD2004230D7 /* style one */ = {
			isa = PBXGroup;
			children = (
				16CEFCA420637921004230D7 /* Record Table */,
				1696E833205254E10022B670 /* RecordViewController.h */,
				1696E834205254E10022B670 /* RecordViewController.m */,
			);
			path = "style one";
			sourceTree = "<group>";
		};
		16CEFC8E20633CE7004230D7 /* style two */ = {
			isa = PBXGroup;
			children = (
				16764152208DBC8800FDC771 /* AddOneArticle */,
				1676414E208D74F500FDC771 /* RecordDataModel */,
				16CEFCA520637929004230D7 /* Record Table */,
				16CEFCA1206355ED004230D7 /* RecordStyleTwoViewController.h */,
				16CEFCA2206355ED004230D7 /* RecordStyleTwoViewController.m */,
			);
			path = "style two";
			sourceTree = "<group>";
		};
		16CEFCA420637921004230D7 /* Record Table */ = {
			isa = PBXGroup;
			children = (
				16F29329205290550094F490 /* RecordTableView.h */,
				16F2932A205290550094F490 /* RecordTableView.m */,
				1637FFDB20564D890086F176 /* RecordTableViewCell.h */,
				1637FFDC20564D890086F176 /* RecordTableViewCell.m */,
				1637FFD7205624650086F176 /* RecordTableHeadView.h */,
				1637FFD8205624650086F176 /* RecordTableHeadView.m */,
				160634942058B2EA006EC80A /* ChangeRecordStyleCustomView.h */,
				160634952058B2EA006EC80A /* ChangeRecordStyleCustomView.m */,
			);
			path = "Record Table";
			sourceTree = "<group>";
		};
		16CEFCA520637929004230D7 /* Record Table */ = {
			isa = PBXGroup;
			children = (
				16CEFC8F20633D42004230D7 /* RecordStyleTwoTableView.h */,
				16CEFC9020633D42004230D7 /* RecordStyleTwoTableView.m */,
				16CEFC922063435B004230D7 /* RecordStyleTwoTableViewCell.h */,
				16CEFC932063435B004230D7 /* RecordStyleTwoTableViewCell.m */,
				16CEFC9B20634AC8004230D7 /* RotatedView.h */,
				16CEFC9C20634AC8004230D7 /* RotatedView.m */,
				16CEFCA620637988004230D7 /* StyleTwoCell.xib */,
			);
			path = "Record Table";
			sourceTree = "<group>";
		};
		16CF527720737E9900CDE453 /* StyleTypeTable */ = {
			isa = PBXGroup;
			children = (
				16CF527820737ECE00CDE453 /* StyleTypeTableView.h */,
				16CF527920737ECE00CDE453 /* StyleTypeTableView.m */,
				16AE90C12074C725004EBF34 /* StyleTypeTableViewCell.h */,
				16AE90C22074C725004EBF34 /* StyleTypeTableViewCell.m */,
			);
			path = StyleTypeTable;
			sourceTree = "<group>";
		};
		16FD283920874B38004D91F4 /* DataBase */ = {
			isa = PBXGroup;
			children = (
				1613265E204FEE2600CDE1EB /* UserDBOperationManager.h */,
				1613265F204FEE2600CDE1EB /* UserDBOperationManager.m */,
				640A0F482086154E0037468F /* SRAppUserProfile.h */,
				640A0F492086154E0037468F /* SRAppUserProfile.m */,
				16FD283D20874C37004D91F4 /* SRUserDiaryProfile.h */,
				16FD283E20874C37004D91F4 /* SRUserDiaryProfile.m */,
				16FD283A20874BC2004D91F4 /* SRUserArticleProfile.h */,
				16FD283B20874BC2004D91F4 /* SRUserArticleProfile.m */,
			);
			path = DataBase;
			sourceTree = "<group>";
		};
		640A0F4B20862AAE0037468F /* LoginAndRegister */ = {
			isa = PBXGroup;
			children = (
				640A0F5120862AF60037468F /* ForgotPassword */,
				640A0F5020862AE60037468F /* Register */,
				640A0F4F20862ADE0037468F /* Login */,
			);
			path = LoginAndRegister;
			sourceTree = "<group>";
		};
		640A0F4F20862ADE0037468F /* Login */ = {
			isa = PBXGroup;
			children = (
				640A0F5820862B5F0037468F /* LoginTable */,
				640A0F4C20862AD90037468F /* LoginViewController.h */,
				640A0F4D20862AD90037468F /* LoginViewController.m */,
			);
			path = Login;
			sourceTree = "<group>";
		};
		640A0F5020862AE60037468F /* Register */ = {
			isa = PBXGroup;
			children = (
				640A0F5F20862BA20037468F /* RegisterTable */,
				640A0F5220862B200037468F /* RegisterViewController.h */,
				640A0F5320862B200037468F /* RegisterViewController.m */,
			);
			path = Register;
			sourceTree = "<group>";
		};
		640A0F5120862AF60037468F /* ForgotPassword */ = {
			isa = PBXGroup;
			children = (
				640A0F6320862BDC0037468F /* ForgotPasswordTable */,
				640A0F5520862B3B0037468F /* ForgotPasswordViewController.h */,
				640A0F5620862B3B0037468F /* ForgotPasswordViewController.m */,
			);
			path = ForgotPassword;
			sourceTree = "<group>";
		};
		640A0F5820862B5F0037468F /* LoginTable */ = {
			isa = PBXGroup;
			children = (
				16FD282820872064004D91F4 /* CaptchaView.h */,
				16FD282920872065004D91F4 /* CaptchaView.m */,
				16FD282A20872065004D91F4 /* LoginTableViewFillInfoCell.h */,
				16FD282B20872065004D91F4 /* LoginTableViewFillInfoCell.m */,
				640A0F6020862BCF0037468F /* LoginTableView.h */,
				640A0F6120862BCF0037468F /* LoginTableView.m */,
			);
			path = LoginTable;
			sourceTree = "<group>";
		};
		640A0F5F20862BA20037468F /* RegisterTable */ = {
			isa = PBXGroup;
			children = (
				16FD2831208720F4004D91F4 /* RegisterTableViewCell.h */,
				16FD2832208720F4004D91F4 /* RegisterTableViewCell.m */,
				640A0F5C20862B9A0037468F /* RegisterTableView.h */,
				640A0F5D20862B9A0037468F /* RegisterTableView.m */,
			);
			path = RegisterTable;
			sourceTree = "<group>";
		};
		640A0F6320862BDC0037468F /* ForgotPasswordTable */ = {
			isa = PBXGroup;
			children = (
				16FD282E208720E0004D91F4 /* ForgotPasswordTableViewCell.h */,
				16FD282F208720E1004D91F4 /* ForgotPasswordTableViewCell.m */,
				640A0F6420862BFB0037468F /* ForgotPasswordTableView.h */,
				640A0F6520862BFB0037468F /* ForgotPasswordTableView.m */,
			);
			path = ForgotPasswordTable;
			sourceTree = "<group>";
		};
		6455AE6A2081CCFF00BE1A4F /* CalendarDataModel */ = {
			isa = PBXGroup;
			children = (
				6455AE6B2081CD4600BE1A4F /* CalendarDataModel.h */,
				16879CEE20907B320029AC8F /* CalendarViewModel.h */,
				16879CEF20907B320029AC8F /* CalendarViewModel.m */,
				6455AE6C2081CD4600BE1A4F /* CalendarDataModel.m */,
				16879CEB209077510029AC8F /* CalendarListModel.h */,
				16879CEC209077510029AC8F /* CalendarListModel.m */,
			);
			path = CalendarDataModel;
			sourceTree = "<group>";
		};
		64A112B820673575008C03C9 /* MineTable */ = {
			isa = PBXGroup;
			children = (
				16747AA32072348E009E21C2 /* RippleAnimationView.h */,
				16747AA42072348E009E21C2 /* RippleAnimationView.m */,
				64A112BB206735B7008C03C9 /* MineTableView.h */,
				64A112BC206735B7008C03C9 /* MineTableView.m */,
				16AAC44C206DCF0A00068605 /* MineTableHeadView.h */,
				16AAC44D206DCF0A00068605 /* MineTableHeadView.m */,
				16747A9E20720C38009E21C2 /* MineTableViewCell.h */,
				16747A9F20720C38009E21C2 /* MineTableViewCell.m */,
			);
			path = MineTable;
			sourceTree = "<group>";
		};
		64D01C152082FEA100F27C10 /* diary Table */ = {
			isa = PBXGroup;
			children = (
				64D01C162082FECD00F27C10 /* DiaryListTableView.h */,
				64D01C172082FECD00F27C10 /* DiaryListTableView.m */,
				64D01C192084E8FE00F27C10 /* DiaryListTableViewCell.h */,
				64D01C1A2084E8FE00F27C10 /* DiaryListTableViewCell.m */,
			);
			path = "diary Table";
			sourceTree = "<group>";
		};
		E243B23DCB35EE8DC39A01B2 /* Frameworks */ = {
			isa = PBXGroup;
			children = (
				73104B1B8A13EF0DFCFECDBC /* libPods-SimpleRecord.a */,
			);
			name = Frameworks;
			sourceTree = "<group>";
		};
/* End PBXGroup section */

/* Begin PBXNativeTarget section */
		161DDBD3204FB4E7000B195B /* SimpleRecord */ = {
			isa = PBXNativeTarget;
			buildConfigurationList = 161DDC00204FB4E7000B195B /* Build configuration list for PBXNativeTarget "SimpleRecord" */;
			buildPhases = (
				89AD0954A34278A52EA9FD04 /* [CP] Check Pods Manifest.lock */,
				161DDBD0204FB4E7000B195B /* Sources */,
				161DDBD1204FB4E7000B195B /* Frameworks */,
				161DDBD2204FB4E7000B195B /* Resources */,
				1FA3D035FDA1CAC4BBB7A571 /* [CP] Copy Pods Resources */,
			);
			buildRules = (
			);
			dependencies = (
			);
			name = SimpleRecord;
			productName = SimpleRecord;
			productReference = 161DDBD4204FB4E7000B195B /* SimpleRecord.app */;
			productType = "com.apple.product-type.application";
		};
		161DDBEB204FB4E7000B195B /* SimpleRecordTests */ = {
			isa = PBXNativeTarget;
			buildConfigurationList = 161DDC03204FB4E7000B195B /* Build configuration list for PBXNativeTarget "SimpleRecordTests" */;
			buildPhases = (
				161DDBE8204FB4E7000B195B /* Sources */,
				161DDBE9204FB4E7000B195B /* Frameworks */,
				161DDBEA204FB4E7000B195B /* Resources */,
			);
			buildRules = (
			);
			dependencies = (
				161DDBEE204FB4E7000B195B /* PBXTargetDependency */,
			);
			name = SimpleRecordTests;
			productName = SimpleRecordTests;
			productReference = 161DDBEC204FB4E7000B195B /* SimpleRecordTests.xctest */;
			productType = "com.apple.product-type.bundle.unit-test";
		};
		161DDBF6204FB4E7000B195B /* SimpleRecordUITests */ = {
			isa = PBXNativeTarget;
			buildConfigurationList = 161DDC06204FB4E7000B195B /* Build configuration list for PBXNativeTarget "SimpleRecordUITests" */;
			buildPhases = (
				161DDBF3204FB4E7000B195B /* Sources */,
				161DDBF4204FB4E7000B195B /* Frameworks */,
				161DDBF5204FB4E7000B195B /* Resources */,
			);
			buildRules = (
			);
			dependencies = (
				161DDBF9204FB4E7000B195B /* PBXTargetDependency */,
			);
			name = SimpleRecordUITests;
			productName = SimpleRecordUITests;
			productReference = 161DDBF7204FB4E7000B195B /* SimpleRecordUITests.xctest */;
			productType = "com.apple.product-type.bundle.ui-testing";
		};
/* End PBXNativeTarget section */

/* Begin PBXProject section */
		161DDBCC204FB4E7000B195B /* Project object */ = {
			isa = PBXProject;
			attributes = {
				LastUpgradeCheck = 0920;
				ORGANIZATIONNAME = xia;
				TargetAttributes = {
					161DDBD3204FB4E7000B195B = {
						CreatedOnToolsVersion = 9.2;
						ProvisioningStyle = Automatic;
					};
					161DDBEB204FB4E7000B195B = {
						CreatedOnToolsVersion = 9.2;
						ProvisioningStyle = Automatic;
						TestTargetID = 161DDBD3204FB4E7000B195B;
					};
					161DDBF6204FB4E7000B195B = {
						CreatedOnToolsVersion = 9.2;
						ProvisioningStyle = Automatic;
						TestTargetID = 161DDBD3204FB4E7000B195B;
					};
				};
			};
			buildConfigurationList = 161DDBCF204FB4E7000B195B /* Build configuration list for PBXProject "SimpleRecord" */;
			compatibilityVersion = "Xcode 8.0";
			developmentRegion = en;
			hasScannedForEncodings = 0;
			knownRegions = (
				en,
				Base,
			);
			mainGroup = 161DDBCB204FB4E7000B195B;
			productRefGroup = 161DDBD5204FB4E7000B195B /* Products */;
			projectDirPath = "";
			projectRoot = "";
			targets = (
				161DDBD3204FB4E7000B195B /* SimpleRecord */,
				161DDBEB204FB4E7000B195B /* SimpleRecordTests */,
				161DDBF6204FB4E7000B195B /* SimpleRecordUITests */,
			);
		};
/* End PBXProject section */

/* Begin PBXResourcesBuildPhase section */
		161DDBD2204FB4E7000B195B /* Resources */ = {
			isa = PBXResourcesBuildPhase;
			buildActionMask = 2147483647;
			files = (
				16CEFCA720637988004230D7 /* StyleTwoCell.xib in Resources */,
				16382BC22073304C0097EF43 /* circle_cir.png in Resources */,
				161DDBE4204FB4E7000B195B /* LaunchScreen.storyboard in Resources */,
				161DDBE1204FB4E7000B195B /* Assets.xcassets in Resources */,
				16747AA220722305009E21C2 /* iconfont.ttf in Resources */,
				16382BC02073304C0097EF43 /* backImg_start.png in Resources */,
				16382BBF2073304C0097EF43 /* backImg_end.png in Resources */,
				161DDBDF204FB4E7000B195B /* Main.storyboard in Resources */,
				16382BC12073304C0097EF43 /* circle.png in Resources */,
			);
			runOnlyForDeploymentPostprocessing = 0;
		};
		161DDBEA204FB4E7000B195B /* Resources */ = {
			isa = PBXResourcesBuildPhase;
			buildActionMask = 2147483647;
			files = (
			);
			runOnlyForDeploymentPostprocessing = 0;
		};
		161DDBF5204FB4E7000B195B /* Resources */ = {
			isa = PBXResourcesBuildPhase;
			buildActionMask = 2147483647;
			files = (
			);
			runOnlyForDeploymentPostprocessing = 0;
		};
/* End PBXResourcesBuildPhase section */

/* Begin PBXShellScriptBuildPhase section */
		1FA3D035FDA1CAC4BBB7A571 /* [CP] Copy Pods Resources */ = {
			isa = PBXShellScriptBuildPhase;
			buildActionMask = 2147483647;
			files = (
			);
			inputPaths = (
				"${SRCROOT}/Pods/Target Support Files/Pods-SimpleRecord/Pods-SimpleRecord-resources.sh",
				"${PODS_ROOT}/MJRefresh/MJRefresh/MJRefresh.bundle",
				"${PODS_ROOT}/SVProgressHUD/SVProgressHUD/SVProgressHUD.bundle",
			);
			name = "[CP] Copy Pods Resources";
			outputPaths = (
				"${TARGET_BUILD_DIR}/${UNLOCALIZED_RESOURCES_FOLDER_PATH}/MJRefresh.bundle",
				"${TARGET_BUILD_DIR}/${UNLOCALIZED_RESOURCES_FOLDER_PATH}/SVProgressHUD.bundle",
			);
			runOnlyForDeploymentPostprocessing = 0;
			shellPath = /bin/sh;
			shellScript = "\"${SRCROOT}/Pods/Target Support Files/Pods-SimpleRecord/Pods-SimpleRecord-resources.sh\"\n";
			showEnvVarsInLog = 0;
		};
		89AD0954A34278A52EA9FD04 /* [CP] Check Pods Manifest.lock */ = {
			isa = PBXShellScriptBuildPhase;
			buildActionMask = 2147483647;
			files = (
			);
			inputPaths = (
				"${PODS_PODFILE_DIR_PATH}/Podfile.lock",
				"${PODS_ROOT}/Manifest.lock",
			);
			name = "[CP] Check Pods Manifest.lock";
			outputPaths = (
				"$(DERIVED_FILE_DIR)/Pods-SimpleRecord-checkManifestLockResult.txt",
			);
			runOnlyForDeploymentPostprocessing = 0;
			shellPath = /bin/sh;
			shellScript = "diff \"${PODS_PODFILE_DIR_PATH}/Podfile.lock\" \"${PODS_ROOT}/Manifest.lock\" > /dev/null\nif [ $? != 0 ] ; then\n    # print error to STDERR\n    echo \"error: The sandbox is not in sync with the Podfile.lock. Run 'pod install' or update your CocoaPods installation.\" >&2\n    exit 1\nfi\n# This output is used by Xcode 'outputs' to avoid re-running this script phase.\necho \"SUCCESS\" > \"${SCRIPT_OUTPUT_FILE_0}\"\n";
			showEnvVarsInLog = 0;
		};
/* End PBXShellScriptBuildPhase section */

/* Begin PBXSourcesBuildPhase section */
		161DDBD0204FB4E7000B195B /* Sources */ = {
			isa = PBXSourcesBuildPhase;
			buildActionMask = 2147483647;
			files = (
				161F1B49208F0CDD0039C089 /* RecordListModel.m in Sources */,
				16382BBD2073304C0097EF43 /* ZYDayView.m in Sources */,
				16747AA52072348E009E21C2 /* RippleAnimationView.m in Sources */,
				160634962058B2EA006EC80A /* ChangeRecordStyleCustomView.m in Sources */,
				16FD2830208720E1004D91F4 /* ForgotPasswordTableViewCell.m in Sources */,
				16382BC32073304C0097EF43 /* ZYMonthView.m in Sources */,
				16FD282D20872065004D91F4 /* LoginTableViewFillInfoCell.m in Sources */,
				640A0F5420862B200037468F /* RegisterViewController.m in Sources */,
				162E95142079A71C00D7562D /* ChangeAppStyleDetailViewController.m in Sources */,
				16CF527A20737ECE00CDE453 /* StyleTypeTableView.m in Sources */,
				16F2932B205290550094F490 /* RecordTableView.m in Sources */,
				162E95172079E58900D7562D /* ChangeAppStyleDetailView.m in Sources */,
				16CEFCA0206350C0004230D7 /* SwitchConfigurationManager.m in Sources */,
				161DDC13204FC2BB000B195B /* AppSkinColorManger.m in Sources */,
				16382BBC2073304C0097EF43 /* JTDateHelper.m in Sources */,
				16AE90C32074C725004EBF34 /* StyleTypeTableViewCell.m in Sources */,
				1637FFDD20564D890086F176 /* RecordTableViewCell.m in Sources */,
				16AAC44E206DCF0A00068605 /* MineTableHeadView.m in Sources */,
				161DDC0C204FBD80000B195B /* CustomTabBarConterller.m in Sources */,
				1612CA312073683000B693B7 /* ArticleListViewController.m in Sources */,
				1696E83C205258C80022B670 /* SRRouterManager.m in Sources */,
				16CEFCA3206355ED004230D7 /* RecordStyleTwoViewController.m in Sources */,
				16FD283F20874C37004D91F4 /* SRUserDiaryProfile.m in Sources */,
				640A0F6620862BFB0037468F /* ForgotPasswordTableView.m in Sources */,
				1696E82C20522D130022B670 /* UIImage+color.m in Sources */,
				1612CA1F207355D000B693B7 /* MineStyleTwoViewController.m in Sources */,
				16879CF020907B320029AC8F /* CalendarViewModel.m in Sources */,
				16747AA020720C38009E21C2 /* MineTableViewCell.m in Sources */,
				16FD282C20872065004D91F4 /* CaptchaView.m in Sources */,
				1696E838205254FB0022B670 /* MineViewController.m in Sources */,
				1612CA34207368BA00B693B7 /* DiaryListViewController.m in Sources */,
				1686FE15207AFE0D00926A6C /* AddCalendarTableView.m in Sources */,
				1637FFD9205624650086F176 /* RecordTableHeadView.m in Sources */,
				1612CA28207365B100B693B7 /* AccountManagerViewController.m in Sources */,
				16AB33B0207318E500358E7E /* CCPCalendarModel.m in Sources */,
				640A0F4A2086154E0037468F /* SRAppUserProfile.m in Sources */,
				16764155208DBCAE00FDC771 /* AddOneArticleViewController.m in Sources */,
				161DDC0F204FC030000B195B /* CustomNavigationController.m in Sources */,
				6455AE6D2081CD4600BE1A4F /* CalendarDataModel.m in Sources */,
				640A0F4E20862AD90037468F /* LoginViewController.m in Sources */,
				16132660204FEE2600CDE1EB /* UserDBOperationManager.m in Sources */,
				16AB33B6207318E500358E7E /* UIView+CCPView.m in Sources */,
				64A112BD206735B7008C03C9 /* MineTableView.m in Sources */,
				16AB33B3207318E500358E7E /* NSDate+CCPCalendar.m in Sources */,
				16AB33B4207318E500358E7E /* NSObject+CCPObjc.m in Sources */,
				16A2E049209453D800CEE4BF /* RecordViewModel.m in Sources */,
				16FD28362087219B004D91F4 /* RDCountDownButton.m in Sources */,
				16382BC42073304C0097EF43 /* ZYWeekView.m in Sources */,
				1612CA2B207365DA00B693B7 /* ChageAppStyleViewController.m in Sources */,
				16764151208D751A00FDC771 /* RecordDataModel.m in Sources */,
				1612CA2E207367E700B693B7 /* FunctionConfigurationViewController.m in Sources */,
				16FD283C20874BC2004D91F4 /* SRUserArticleProfile.m in Sources */,
				16FB0A1E207A197F002D07AC /* AddDiaryViewController.m in Sources */,
				64D01C182082FECD00F27C10 /* DiaryListTableView.m in Sources */,
				16879CED209077510029AC8F /* CalendarListModel.m in Sources */,
				16CEFC9A20634920004230D7 /* UIView+Snapshot.m in Sources */,
				16FD2833208720F4004D91F4 /* RegisterTableViewCell.m in Sources */,
				16382BBE2073304C0097EF43 /* ZYCalendarView.m in Sources */,
				16764159208DC36E00FDC771 /* AddOneArticleTableView.m in Sources */,
				161DDBDC204FB4E7000B195B /* ViewController.m in Sources */,
				167162352088652F00DBA60A /* NSString+EnciphermentProtection.m in Sources */,
				640A0F6220862BCF0037468F /* LoginTableView.m in Sources */,
				1696E835205254E10022B670 /* RecordViewController.m in Sources */,
				16CEFC942063435B004230D7 /* RecordStyleTwoTableViewCell.m in Sources */,
				16AB33AC207318E500358E7E /* CCPCalendarButton.m in Sources */,
				16AB33B1207318E500358E7E /* CCPCalendarTable.m in Sources */,
				161DDBE7204FB4E7000B195B /* main.m in Sources */,
				16AB33B5207318E500358E7E /* UILabel+CCPLabel.m in Sources */,
				16CEFC9D20634AC8004230D7 /* RotatedView.m in Sources */,
				16AB33AD207318E500358E7E /* CCPCalendarCellTableViewCell.m in Sources */,
				16382BA820732FFE0097EF43 /* CalendarStyleTwoViewController.m in Sources */,
				16CEFC9120633D42004230D7 /* RecordStyleTwoTableView.m in Sources */,
				16382BBB2073304C0097EF43 /* ZYCalendarManager.m in Sources */,
				640A0F5E20862B9A0037468F /* RegisterTableView.m in Sources */,
				16AB33B2207318E500358E7E /* CCPCalendarView.m in Sources */,
				1696E832205254D50022B670 /* CalendarViewController.m in Sources */,
				162E951A2079FBBA00D7562D /* XJDAlertView.m in Sources */,
				640A0F5720862B3B0037468F /* ForgotPasswordViewController.m in Sources */,
				161DDBD9204FB4E7000B195B /* AppDelegate.m in Sources */,
				16AB33AE207318E500358E7E /* CCPCalendarHeader.m in Sources */,
				64D01C1B2084E8FE00F27C10 /* DiaryListTableViewCell.m in Sources */,
			);
			runOnlyForDeploymentPostprocessing = 0;
		};
		161DDBE8204FB4E7000B195B /* Sources */ = {
			isa = PBXSourcesBuildPhase;
			buildActionMask = 2147483647;
			files = (
				161DDBF1204FB4E7000B195B /* SimpleRecordTests.m in Sources */,
			);
			runOnlyForDeploymentPostprocessing = 0;
		};
		161DDBF3204FB4E7000B195B /* Sources */ = {
			isa = PBXSourcesBuildPhase;
			buildActionMask = 2147483647;
			files = (
				161DDBFC204FB4E7000B195B /* SimpleRecordUITests.m in Sources */,
			);
			runOnlyForDeploymentPostprocessing = 0;
		};
/* End PBXSourcesBuildPhase section */

/* Begin PBXTargetDependency section */
		161DDBEE204FB4E7000B195B /* PBXTargetDependency */ = {
			isa = PBXTargetDependency;
			target = 161DDBD3204FB4E7000B195B /* SimpleRecord */;
			targetProxy = 161DDBED204FB4E7000B195B /* PBXContainerItemProxy */;
		};
		161DDBF9204FB4E7000B195B /* PBXTargetDependency */ = {
			isa = PBXTargetDependency;
			target = 161DDBD3204FB4E7000B195B /* SimpleRecord */;
			targetProxy = 161DDBF8204FB4E7000B195B /* PBXContainerItemProxy */;
		};
/* End PBXTargetDependency section */

/* Begin PBXVariantGroup section */
		161DDBDD204FB4E7000B195B /* Main.storyboard */ = {
			isa = PBXVariantGroup;
			children = (
				161DDBDE204FB4E7000B195B /* Base */,
			);
			name = Main.storyboard;
			sourceTree = "<group>";
		};
		161DDBE2204FB4E7000B195B /* LaunchScreen.storyboard */ = {
			isa = PBXVariantGroup;
			children = (
				161DDBE3204FB4E7000B195B /* Base */,
			);
			name = LaunchScreen.storyboard;
			sourceTree = "<group>";
		};
/* End PBXVariantGroup section */

/* Begin XCBuildConfiguration section */
		161DDBFE204FB4E7000B195B /* Debug */ = {
			isa = XCBuildConfiguration;
			buildSettings = {
				ALWAYS_SEARCH_USER_PATHS = NO;
				CLANG_ANALYZER_NONNULL = YES;
				CLANG_ANALYZER_NUMBER_OBJECT_CONVERSION = YES_AGGRESSIVE;
				CLANG_CXX_LANGUAGE_STANDARD = "gnu++14";
				CLANG_CXX_LIBRARY = "libc++";
				CLANG_ENABLE_MODULES = YES;
				CLANG_ENABLE_OBJC_ARC = YES;
				CLANG_WARN_BLOCK_CAPTURE_AUTORELEASING = YES;
				CLANG_WARN_BOOL_CONVERSION = YES;
				CLANG_WARN_COMMA = YES;
				CLANG_WARN_CONSTANT_CONVERSION = YES;
				CLANG_WARN_DIRECT_OBJC_ISA_USAGE = YES_ERROR;
				CLANG_WARN_DOCUMENTATION_COMMENTS = YES;
				CLANG_WARN_EMPTY_BODY = YES;
				CLANG_WARN_ENUM_CONVERSION = YES;
				CLANG_WARN_INFINITE_RECURSION = YES;
				CLANG_WARN_INT_CONVERSION = YES;
				CLANG_WARN_NON_LITERAL_NULL_CONVERSION = YES;
				CLANG_WARN_OBJC_LITERAL_CONVERSION = YES;
				CLANG_WARN_OBJC_ROOT_CLASS = YES_ERROR;
				CLANG_WARN_RANGE_LOOP_ANALYSIS = YES;
				CLANG_WARN_STRICT_PROTOTYPES = YES;
				CLANG_WARN_SUSPICIOUS_MOVE = YES;
				CLANG_WARN_UNGUARDED_AVAILABILITY = YES_AGGRESSIVE;
				CLANG_WARN_UNREACHABLE_CODE = YES;
				CLANG_WARN__DUPLICATE_METHOD_MATCH = YES;
				CODE_SIGN_IDENTITY = "iPhone Developer";
				COPY_PHASE_STRIP = NO;
				DEBUG_INFORMATION_FORMAT = dwarf;
				ENABLE_STRICT_OBJC_MSGSEND = YES;
				ENABLE_TESTABILITY = YES;
				GCC_C_LANGUAGE_STANDARD = gnu11;
				GCC_DYNAMIC_NO_PIC = NO;
				GCC_NO_COMMON_BLOCKS = YES;
				GCC_OPTIMIZATION_LEVEL = 0;
				GCC_PREPROCESSOR_DEFINITIONS = (
					"DEBUG=1",
					"$(inherited)",
				);
				GCC_WARN_64_TO_32_BIT_CONVERSION = YES;
				GCC_WARN_ABOUT_RETURN_TYPE = YES_ERROR;
				GCC_WARN_UNDECLARED_SELECTOR = YES;
				GCC_WARN_UNINITIALIZED_AUTOS = YES_AGGRESSIVE;
				GCC_WARN_UNUSED_FUNCTION = YES;
				GCC_WARN_UNUSED_VARIABLE = YES;
				IPHONEOS_DEPLOYMENT_TARGET = 11.2;
				MTL_ENABLE_DEBUG_INFO = YES;
				ONLY_ACTIVE_ARCH = YES;
				SDKROOT = iphoneos;
			};
			name = Debug;
		};
		161DDBFF204FB4E7000B195B /* Release */ = {
			isa = XCBuildConfiguration;
			buildSettings = {
				ALWAYS_SEARCH_USER_PATHS = NO;
				CLANG_ANALYZER_NONNULL = YES;
				CLANG_ANALYZER_NUMBER_OBJECT_CONVERSION = YES_AGGRESSIVE;
				CLANG_CXX_LANGUAGE_STANDARD = "gnu++14";
				CLANG_CXX_LIBRARY = "libc++";
				CLANG_ENABLE_MODULES = YES;
				CLANG_ENABLE_OBJC_ARC = YES;
				CLANG_WARN_BLOCK_CAPTURE_AUTORELEASING = YES;
				CLANG_WARN_BOOL_CONVERSION = YES;
				CLANG_WARN_COMMA = YES;
				CLANG_WARN_CONSTANT_CONVERSION = YES;
				CLANG_WARN_DIRECT_OBJC_ISA_USAGE = YES_ERROR;
				CLANG_WARN_DOCUMENTATION_COMMENTS = YES;
				CLANG_WARN_EMPTY_BODY = YES;
				CLANG_WARN_ENUM_CONVERSION = YES;
				CLANG_WARN_INFINITE_RECURSION = YES;
				CLANG_WARN_INT_CONVERSION = YES;
				CLANG_WARN_NON_LITERAL_NULL_CONVERSION = YES;
				CLANG_WARN_OBJC_LITERAL_CONVERSION = YES;
				CLANG_WARN_OBJC_ROOT_CLASS = YES_ERROR;
				CLANG_WARN_RANGE_LOOP_ANALYSIS = YES;
				CLANG_WARN_STRICT_PROTOTYPES = YES;
				CLANG_WARN_SUSPICIOUS_MOVE = YES;
				CLANG_WARN_UNGUARDED_AVAILABILITY = YES_AGGRESSIVE;
				CLANG_WARN_UNREACHABLE_CODE = YES;
				CLANG_WARN__DUPLICATE_METHOD_MATCH = YES;
				CODE_SIGN_IDENTITY = "iPhone Developer";
				COPY_PHASE_STRIP = NO;
				DEBUG_INFORMATION_FORMAT = "dwarf-with-dsym";
				ENABLE_NS_ASSERTIONS = NO;
				ENABLE_STRICT_OBJC_MSGSEND = YES;
				GCC_C_LANGUAGE_STANDARD = gnu11;
				GCC_NO_COMMON_BLOCKS = YES;
				GCC_WARN_64_TO_32_BIT_CONVERSION = YES;
				GCC_WARN_ABOUT_RETURN_TYPE = YES_ERROR;
				GCC_WARN_UNDECLARED_SELECTOR = YES;
				GCC_WARN_UNINITIALIZED_AUTOS = YES_AGGRESSIVE;
				GCC_WARN_UNUSED_FUNCTION = YES;
				GCC_WARN_UNUSED_VARIABLE = YES;
				IPHONEOS_DEPLOYMENT_TARGET = 11.2;
				MTL_ENABLE_DEBUG_INFO = NO;
				SDKROOT = iphoneos;
				VALIDATE_PRODUCT = YES;
			};
			name = Release;
		};
		161DDC01204FB4E7000B195B /* Debug */ = {
			isa = XCBuildConfiguration;
			baseConfigurationReference = 7C72DB3D72D1082653B5233D /* Pods-SimpleRecord.debug.xcconfig */;
			buildSettings = {
				ASSETCATALOG_COMPILER_APPICON_NAME = AppIcon;
				CODE_SIGN_STYLE = Automatic;
				DEVELOPMENT_TEAM = HJFP99G4PR;
				INFOPLIST_FILE = SimpleRecord/Info.plist;
				LD_RUNPATH_SEARCH_PATHS = "$(inherited) @executable_path/Frameworks";
				PRODUCT_BUNDLE_IDENTIFIER = com.yadongHu.SimpleRecord;
				PRODUCT_NAME = "$(TARGET_NAME)";
				TARGETED_DEVICE_FAMILY = "1,2";
			};
			name = Debug;
		};
		161DDC02204FB4E7000B195B /* Release */ = {
			isa = XCBuildConfiguration;
			baseConfigurationReference = 68EBA188898C1E0630CE17CC /* Pods-SimpleRecord.release.xcconfig */;
			buildSettings = {
				ASSETCATALOG_COMPILER_APPICON_NAME = AppIcon;
				CODE_SIGN_STYLE = Automatic;
				DEVELOPMENT_TEAM = HJFP99G4PR;
				INFOPLIST_FILE = SimpleRecord/Info.plist;
				LD_RUNPATH_SEARCH_PATHS = "$(inherited) @executable_path/Frameworks";
				PRODUCT_BUNDLE_IDENTIFIER = com.yadongHu.SimpleRecord;
				PRODUCT_NAME = "$(TARGET_NAME)";
				TARGETED_DEVICE_FAMILY = "1,2";
			};
			name = Release;
		};
		161DDC04204FB4E7000B195B /* Debug */ = {
			isa = XCBuildConfiguration;
			buildSettings = {
				BUNDLE_LOADER = "$(TEST_HOST)";
				CODE_SIGN_STYLE = Automatic;
				DEVELOPMENT_TEAM = HJFP99G4PR;
				INFOPLIST_FILE = SimpleRecordTests/Info.plist;
				LD_RUNPATH_SEARCH_PATHS = "$(inherited) @executable_path/Frameworks @loader_path/Frameworks";
				PRODUCT_BUNDLE_IDENTIFIER = com.yadongHu.SimpleRecordTests;
				PRODUCT_NAME = "$(TARGET_NAME)";
				TARGETED_DEVICE_FAMILY = "1,2";
				TEST_HOST = "$(BUILT_PRODUCTS_DIR)/SimpleRecord.app/SimpleRecord";
			};
			name = Debug;
		};
		161DDC05204FB4E7000B195B /* Release */ = {
			isa = XCBuildConfiguration;
			buildSettings = {
				BUNDLE_LOADER = "$(TEST_HOST)";
				CODE_SIGN_STYLE = Automatic;
				DEVELOPMENT_TEAM = HJFP99G4PR;
				INFOPLIST_FILE = SimpleRecordTests/Info.plist;
				LD_RUNPATH_SEARCH_PATHS = "$(inherited) @executable_path/Frameworks @loader_path/Frameworks";
				PRODUCT_BUNDLE_IDENTIFIER = com.yadongHu.SimpleRecordTests;
				PRODUCT_NAME = "$(TARGET_NAME)";
				TARGETED_DEVICE_FAMILY = "1,2";
				TEST_HOST = "$(BUILT_PRODUCTS_DIR)/SimpleRecord.app/SimpleRecord";
			};
			name = Release;
		};
		161DDC07204FB4E7000B195B /* Debug */ = {
			isa = XCBuildConfiguration;
			buildSettings = {
				CODE_SIGN_STYLE = Automatic;
				DEVELOPMENT_TEAM = HJFP99G4PR;
				INFOPLIST_FILE = SimpleRecordUITests/Info.plist;
				LD_RUNPATH_SEARCH_PATHS = "$(inherited) @executable_path/Frameworks @loader_path/Frameworks";
				PRODUCT_BUNDLE_IDENTIFIER = com.yadongHu.SimpleRecordUITests;
				PRODUCT_NAME = "$(TARGET_NAME)";
				TARGETED_DEVICE_FAMILY = "1,2";
				TEST_TARGET_NAME = SimpleRecord;
			};
			name = Debug;
		};
		161DDC08204FB4E7000B195B /* Release */ = {
			isa = XCBuildConfiguration;
			buildSettings = {
				CODE_SIGN_STYLE = Automatic;
				DEVELOPMENT_TEAM = HJFP99G4PR;
				INFOPLIST_FILE = SimpleRecordUITests/Info.plist;
				LD_RUNPATH_SEARCH_PATHS = "$(inherited) @executable_path/Frameworks @loader_path/Frameworks";
				PRODUCT_BUNDLE_IDENTIFIER = com.yadongHu.SimpleRecordUITests;
				PRODUCT_NAME = "$(TARGET_NAME)";
				TARGETED_DEVICE_FAMILY = "1,2";
				TEST_TARGET_NAME = SimpleRecord;
			};
			name = Release;
		};
/* End XCBuildConfiguration section */

/* Begin XCConfigurationList section */
		161DDBCF204FB4E7000B195B /* Build configuration list for PBXProject "SimpleRecord" */ = {
			isa = XCConfigurationList;
			buildConfigurations = (
				161DDBFE204FB4E7000B195B /* Debug */,
				161DDBFF204FB4E7000B195B /* Release */,
			);
			defaultConfigurationIsVisible = 0;
			defaultConfigurationName = Release;
		};
		161DDC00204FB4E7000B195B /* Build configuration list for PBXNativeTarget "SimpleRecord" */ = {
			isa = XCConfigurationList;
			buildConfigurations = (
				161DDC01204FB4E7000B195B /* Debug */,
				161DDC02204FB4E7000B195B /* Release */,
			);
			defaultConfigurationIsVisible = 0;
			defaultConfigurationName = Release;
		};
		161DDC03204FB4E7000B195B /* Build configuration list for PBXNativeTarget "SimpleRecordTests" */ = {
			isa = XCConfigurationList;
			buildConfigurations = (
				161DDC04204FB4E7000B195B /* Debug */,
				161DDC05204FB4E7000B195B /* Release */,
			);
			defaultConfigurationIsVisible = 0;
			defaultConfigurationName = Release;
		};
		161DDC06204FB4E7000B195B /* Build configuration list for PBXNativeTarget "SimpleRecordUITests" */ = {
			isa = XCConfigurationList;
			buildConfigurations = (
				161DDC07204FB4E7000B195B /* Debug */,
				161DDC08204FB4E7000B195B /* Release */,
			);
			defaultConfigurationIsVisible = 0;
			defaultConfigurationName = Release;
		};
/* End XCConfigurationList section */
	};
	rootObject = 161DDBCC204FB4E7000B195B /* Project object */;
}
