// !$*UTF8*$!
{
	archiveVersion = 1;
	classes = {
	};
	objectVersion = 48;
	objects = {

/* Begin PBXBuildFile section */
		160634962058B2EA006EC80A /* ChangeRecordStyleCustomView.m in Sources */ = {isa = PBXBuildFile; fileRef = 160634952058B2EA006EC80A /* ChangeRecordStyleCustomView.m */; };
		16132660204FEE2600CDE1EB /* UserDBOperationManager.m in Sources */ = {isa = PBXBuildFile; fileRef = 1613265F204FEE2600CDE1EB /* UserDBOperationManager.m */; };
		161DDBD9204FB4E7000B195B /* AppDelegate.m in Sources */ = {isa = PBXBuildFile; fileRef = 161DDBD8204FB4E7000B195B /* AppDelegate.m */; };
		161DDBDC204FB4E7000B195B /* ViewController.m in Sources */ = {isa = PBXBuildFile; fileRef = 161DDBDB204FB4E7000B195B /* ViewController.m */; };
		161DDBDF204FB4E7000B195B /* Main.storyboard in Resources */ = {isa = PBXBuildFile; fileRef = 161DDBDD204FB4E7000B195B /* Main.storyboard */; };
		161DDBE1204FB4E7000B195B /* Assets.xcassets in Resources */ = {isa = PBXBuildFile; fileRef = 161DDBE0204FB4E7000B195B /* Assets.xcassets */; };
		161DDBE4204FB4E7000B195B /* LaunchScreen.storyboard in Resources */ = {isa = PBXBuildFile; fileRef = 161DDBE2204FB4E7000B195B /* LaunchScreen.storyboard */; };
		161DDBE7204FB4E7000B195B /* main.m in Sources */ = {isa = PBXBuildFile; fileRef = 161DDBE6204FB4E7000B195B /* main.m */; };
		161DDBF1204FB4E7000B195B /* SimpleRecordTests.m in Sources */ = {isa = PBXBuildFile; fileRef = 161DDBF0204FB4E7000B195B /* SimpleRecordTests.m */; };
		161DDBFC204FB4E7000B195B /* SimpleRecordUITests.m in Sources */ = {isa = PBXBuildFile; fileRef = 161DDBFB204FB4E7000B195B /* SimpleRecordUITests.m */; };
		161DDC0C204FBD80000B195B /* CustomTabBarConterller.m in Sources */ = {isa = PBXBuildFile; fileRef = 161DDC0B204FBD80000B195B /* CustomTabBarConterller.m */; };
		161DDC0F204FC030000B195B /* CustomNavigationController.m in Sources */ = {isa = PBXBuildFile; fileRef = 161DDC0E204FC030000B195B /* CustomNavigationController.m */; };
		161DDC13204FC2BB000B195B /* AppSkinColorManger.m in Sources */ = {isa = PBXBuildFile; fileRef = 161DDC12204FC2BB000B195B /* AppSkinColorManger.m */; };
		161DDC16204FCBBF000B195B /* UserDataManager.m in Sources */ = {isa = PBXBuildFile; fileRef = 161DDC15204FCBBF000B195B /* UserDataManager.m */; };
		1637FFD9205624650086F176 /* RecordTableHeadView.m in Sources */ = {isa = PBXBuildFile; fileRef = 1637FFD8205624650086F176 /* RecordTableHeadView.m */; };
		1637FFDD20564D890086F176 /* RecordTableViewCell.m in Sources */ = {isa = PBXBuildFile; fileRef = 1637FFDC20564D890086F176 /* RecordTableViewCell.m */; };
		1696E82C20522D130022B670 /* UIImage+color.m in Sources */ = {isa = PBXBuildFile; fileRef = 1696E82B20522D130022B670 /* UIImage+color.m */; };
		1696E832205254D50022B670 /* CalendarViewController.m in Sources */ = {isa = PBXBuildFile; fileRef = 1696E831205254D50022B670 /* CalendarViewController.m */; };
		1696E835205254E10022B670 /* RecordViewController.m in Sources */ = {isa = PBXBuildFile; fileRef = 1696E834205254E10022B670 /* RecordViewController.m */; };
		1696E838205254FB0022B670 /* MineViewController.m in Sources */ = {isa = PBXBuildFile; fileRef = 1696E837205254FB0022B670 /* MineViewController.m */; };
		1696E83C205258C80022B670 /* SRRouterManager.m in Sources */ = {isa = PBXBuildFile; fileRef = 1696E83B205258C80022B670 /* SRRouterManager.m */; };
		16AAC44E206DCF0A00068605 /* MineTableHeadView.m in Sources */ = {isa = PBXBuildFile; fileRef = 16AAC44D206DCF0A00068605 /* MineTableHeadView.m */; };
		16CEFC9120633D42004230D7 /* RecordStyleTwoTableView.m in Sources */ = {isa = PBXBuildFile; fileRef = 16CEFC9020633D42004230D7 /* RecordStyleTwoTableView.m */; };
		16CEFC942063435B004230D7 /* RecordStyleTwoTableViewCell.m in Sources */ = {isa = PBXBuildFile; fileRef = 16CEFC932063435B004230D7 /* RecordStyleTwoTableViewCell.m */; };
		16CEFC9A20634920004230D7 /* UIView+Snapshot.m in Sources */ = {isa = PBXBuildFile; fileRef = 16CEFC9920634920004230D7 /* UIView+Snapshot.m */; };
		16CEFC9D20634AC8004230D7 /* RotatedView.m in Sources */ = {isa = PBXBuildFile; fileRef = 16CEFC9C20634AC8004230D7 /* RotatedView.m */; };
		16CEFCA0206350C0004230D7 /* SwitchConfigurationManager.m in Sources */ = {isa = PBXBuildFile; fileRef = 16CEFC9F206350C0004230D7 /* SwitchConfigurationManager.m */; };
		16CEFCA3206355ED004230D7 /* RecordStyleTwoViewController.m in Sources */ = {isa = PBXBuildFile; fileRef = 16CEFCA2206355ED004230D7 /* RecordStyleTwoViewController.m */; };
		16CEFCA720637988004230D7 /* StyleTwoCell.xib in Resources */ = {isa = PBXBuildFile; fileRef = 16CEFCA620637988004230D7 /* StyleTwoCell.xib */; };
		16F2932B205290550094F490 /* RecordTableView.m in Sources */ = {isa = PBXBuildFile; fileRef = 16F2932A205290550094F490 /* RecordTableView.m */; };
		64A112BD206735B7008C03C9 /* MineTableView.m in Sources */ = {isa = PBXBuildFile; fileRef = 64A112BC206735B7008C03C9 /* MineTableView.m */; };
		D1EE085C8543542AB9067104 /* libPods-SimpleRecord.a in Frameworks */ = {isa = PBXBuildFile; fileRef = 73104B1B8A13EF0DFCFECDBC /* libPods-SimpleRecord.a */; };
/* End PBXBuildFile section */

/* Begin PBXContainerItemProxy section */
		161DDBED204FB4E7000B195B /* PBXContainerItemProxy */ = {
			isa = PBXContainerItemProxy;
			containerPortal = 161DDBCC204FB4E7000B195B /* Project object */;
			proxyType = 1;
			remoteGlobalIDString = 161DDBD3204FB4E7000B195B;
			remoteInfo = SimpleRecord;
		};
		161DDBF8204FB4E7000B195B /* PBXContainerItemProxy */ = {
			isa = PBXContainerItemProxy;
			containerPortal = 161DDBCC204FB4E7000B195B /* Project object */;
			proxyType = 1;
			remoteGlobalIDString = 161DDBD3204FB4E7000B195B;
			remoteInfo = SimpleRecord;
		};
/* End PBXContainerItemProxy section */

/* Begin PBXFileReference section */
		160634942058B2EA006EC80A /* ChangeRecordStyleCustomView.h */ = {isa = PBXFileReference; lastKnownFileType = sourcecode.c.h; path = ChangeRecordStyleCustomView.h; sourceTree = "<group>"; };
		160634952058B2EA006EC80A /* ChangeRecordStyleCustomView.m */ = {isa = PBXFileReference; lastKnownFileType = sourcecode.c.objc; path = ChangeRecordStyleCustomView.m; sourceTree = "<group>"; };
		1613265E204FEE2600CDE1EB /* UserDBOperationManager.h */ = {isa = PBXFileReference; lastKnownFileType = sourcecode.c.h; path = UserDBOperationManager.h; sourceTree = "<group>"; };
		1613265F204FEE2600CDE1EB /* UserDBOperationManager.m */ = {isa = PBXFileReference; lastKnownFileType = sourcecode.c.objc; path = UserDBOperationManager.m; sourceTree = "<group>"; };
		161DDBD4204FB4E7000B195B /* SimpleRecord.app */ = {isa = PBXFileReference; explicitFileType = wrapper.application; includeInIndex = 0; path = SimpleRecord.app; sourceTree = BUILT_PRODUCTS_DIR; };
		161DDBD7204FB4E7000B195B /* AppDelegate.h */ = {isa = PBXFileReference; lastKnownFileType = sourcecode.c.h; path = AppDelegate.h; sourceTree = "<group>"; };
		161DDBD8204FB4E7000B195B /* AppDelegate.m */ = {isa = PBXFileReference; lastKnownFileType = sourcecode.c.objc; path = AppDelegate.m; sourceTree = "<group>"; };
		161DDBDA204FB4E7000B195B /* ViewController.h */ = {isa = PBXFileReference; lastKnownFileType = sourcecode.c.h; path = ViewController.h; sourceTree = "<group>"; };
		161DDBDB204FB4E7000B195B /* ViewController.m */ = {isa = PBXFileReference; lastKnownFileType = sourcecode.c.objc; path = ViewController.m; sourceTree = "<group>"; };
		161DDBDE204FB4E7000B195B /* Base */ = {isa = PBXFileReference; lastKnownFileType = file.storyboard; name = Base; path = Base.lproj/Main.storyboard; sourceTree = "<group>"; };
		161DDBE0204FB4E7000B195B /* Assets.xcassets */ = {isa = PBXFileReference; lastKnownFileType = folder.assetcatalog; path = Assets.xcassets; sourceTree = "<group>"; };
		161DDBE3204FB4E7000B195B /* Base */ = {isa = PBXFileReference; lastKnownFileType = file.storyboard; name = Base; path = Base.lproj/LaunchScreen.storyboard; sourceTree = "<group>"; };
		161DDBE5204FB4E7000B195B /* Info.plist */ = {isa = PBXFileReference; lastKnownFileType = text.plist.xml; path = Info.plist; sourceTree = "<group>"; };
		161DDBE6204FB4E7000B195B /* main.m */ = {isa = PBXFileReference; lastKnownFileType = sourcecode.c.objc; path = main.m; sourceTree = "<group>"; };
		161DDBEC204FB4E7000B195B /* SimpleRecordTests.xctest */ = {isa = PBXFileReference; explicitFileType = wrapper.cfbundle; includeInIndex = 0; path = SimpleRecordTests.xctest; sourceTree = BUILT_PRODUCTS_DIR; };
		161DDBF0204FB4E7000B195B /* SimpleRecordTests.m */ = {isa = PBXFileReference; lastKnownFileType = sourcecode.c.objc; path = SimpleRecordTests.m; sourceTree = "<group>"; };
		161DDBF2204FB4E7000B195B /* Info.plist */ = {isa = PBXFileReference; lastKnownFileType = text.plist.xml; path = Info.plist; sourceTree = "<group>"; };
		161DDBF7204FB4E7000B195B /* SimpleRecordUITests.xctest */ = {isa = PBXFileReference; explicitFileType = wrapper.cfbundle; includeInIndex = 0; path = SimpleRecordUITests.xctest; sourceTree = BUILT_PRODUCTS_DIR; };
		161DDBFB204FB4E7000B195B /* SimpleRecordUITests.m */ = {isa = PBXFileReference; lastKnownFileType = sourcecode.c.objc; path = SimpleRecordUITests.m; sourceTree = "<group>"; };
		161DDBFD204FB4E7000B195B /* Info.plist */ = {isa = PBXFileReference; lastKnownFileType = text.plist.xml; path = Info.plist; sourceTree = "<group>"; };
		161DDC0A204FBD80000B195B /* CustomTabBarConterller.h */ = {isa = PBXFileReference; lastKnownFileType = sourcecode.c.h; path = CustomTabBarConterller.h; sourceTree = "<group>"; };
		161DDC0B204FBD80000B195B /* CustomTabBarConterller.m */ = {isa = PBXFileReference; lastKnownFileType = sourcecode.c.objc; path = CustomTabBarConterller.m; sourceTree = "<group>"; };
		161DDC0D204FC030000B195B /* CustomNavigationController.h */ = {isa = PBXFileReference; lastKnownFileType = sourcecode.c.h; path = CustomNavigationController.h; sourceTree = "<group>"; };
		161DDC0E204FC030000B195B /* CustomNavigationController.m */ = {isa = PBXFileReference; lastKnownFileType = sourcecode.c.objc; path = CustomNavigationController.m; sourceTree = "<group>"; };
		161DDC11204FC2BB000B195B /* AppSkinColorManger.h */ = {isa = PBXFileReference; lastKnownFileType = sourcecode.c.h; path = AppSkinColorManger.h; sourceTree = "<group>"; };
		161DDC12204FC2BB000B195B /* AppSkinColorManger.m */ = {isa = PBXFileReference; lastKnownFileType = sourcecode.c.objc; path = AppSkinColorManger.m; sourceTree = "<group>"; };
		161DDC14204FCBBF000B195B /* UserDataManager.h */ = {isa = PBXFileReference; lastKnownFileType = sourcecode.c.h; path = UserDataManager.h; sourceTree = "<group>"; };
		161DDC15204FCBBF000B195B /* UserDataManager.m */ = {isa = PBXFileReference; lastKnownFileType = sourcecode.c.objc; path = UserDataManager.m; sourceTree = "<group>"; };
		1637FFD7205624650086F176 /* RecordTableHeadView.h */ = {isa = PBXFileReference; lastKnownFileType = sourcecode.c.h; path = RecordTableHeadView.h; sourceTree = "<group>"; };
		1637FFD8205624650086F176 /* RecordTableHeadView.m */ = {isa = PBXFileReference; lastKnownFileType = sourcecode.c.objc; path = RecordTableHeadView.m; sourceTree = "<group>"; };
		1637FFDA205627640086F176 /* Macro.h */ = {isa = PBXFileReference; lastKnownFileType = sourcecode.c.h; path = Macro.h; sourceTree = "<group>"; };
		1637FFDB20564D890086F176 /* RecordTableViewCell.h */ = {isa = PBXFileReference; lastKnownFileType = sourcecode.c.h; path = RecordTableViewCell.h; sourceTree = "<group>"; };
		1637FFDC20564D890086F176 /* RecordTableViewCell.m */ = {isa = PBXFileReference; lastKnownFileType = sourcecode.c.objc; path = RecordTableViewCell.m; sourceTree = "<group>"; };
		1696E82A20522D130022B670 /* UIImage+color.h */ = {isa = PBXFileReference; lastKnownFileType = sourcecode.c.h; path = "UIImage+color.h"; sourceTree = "<group>"; };
		1696E82B20522D130022B670 /* UIImage+color.m */ = {isa = PBXFileReference; lastKnownFileType = sourcecode.c.objc; path = "UIImage+color.m"; sourceTree = "<group>"; };
		1696E830205254D50022B670 /* CalendarViewController.h */ = {isa = PBXFileReference; lastKnownFileType = sourcecode.c.h; path = CalendarViewController.h; sourceTree = "<group>"; };
		1696E831205254D50022B670 /* CalendarViewController.m */ = {isa = PBXFileReference; lastKnownFileType = sourcecode.c.objc; path = CalendarViewController.m; sourceTree = "<group>"; };
		1696E833205254E10022B670 /* RecordViewController.h */ = {isa = PBXFileReference; lastKnownFileType = sourcecode.c.h; path = RecordViewController.h; sourceTree = "<group>"; };
		1696E834205254E10022B670 /* RecordViewController.m */ = {isa = PBXFileReference; lastKnownFileType = sourcecode.c.objc; path = RecordViewController.m; sourceTree = "<group>"; };
		1696E836205254FB0022B670 /* MineViewController.h */ = {isa = PBXFileReference; lastKnownFileType = sourcecode.c.h; path = MineViewController.h; sourceTree = "<group>"; };
		1696E837205254FB0022B670 /* MineViewController.m */ = {isa = PBXFileReference; lastKnownFileType = sourcecode.c.objc; path = MineViewController.m; sourceTree = "<group>"; };
		1696E83A205258C80022B670 /* SRRouterManager.h */ = {isa = PBXFileReference; lastKnownFileType = sourcecode.c.h; path = SRRouterManager.h; sourceTree = "<group>"; };
		1696E83B205258C80022B670 /* SRRouterManager.m */ = {isa = PBXFileReference; lastKnownFileType = sourcecode.c.objc; path = SRRouterManager.m; sourceTree = "<group>"; };
		1696E83D20525A310022B670 /* SRRouterUrl.h */ = {isa = PBXFileReference; lastKnownFileType = sourcecode.c.h; path = SRRouterUrl.h; sourceTree = "<group>"; };
		16AAC44C206DCF0A00068605 /* MineTableHeadView.h */ = {isa = PBXFileReference; lastKnownFileType = sourcecode.c.h; path = MineTableHeadView.h; sourceTree = "<group>"; };
		16AAC44D206DCF0A00068605 /* MineTableHeadView.m */ = {isa = PBXFileReference; lastKnownFileType = sourcecode.c.objc; path = MineTableHeadView.m; sourceTree = "<group>"; };
		16CEFC8F20633D42004230D7 /* RecordStyleTwoTableView.h */ = {isa = PBXFileReference; lastKnownFileType = sourcecode.c.h; path = RecordStyleTwoTableView.h; sourceTree = "<group>"; };
		16CEFC9020633D42004230D7 /* RecordStyleTwoTableView.m */ = {isa = PBXFileReference; lastKnownFileType = sourcecode.c.objc; path = RecordStyleTwoTableView.m; sourceTree = "<group>"; };
		16CEFC922063435B004230D7 /* RecordStyleTwoTableViewCell.h */ = {isa = PBXFileReference; lastKnownFileType = sourcecode.c.h; path = RecordStyleTwoTableViewCell.h; sourceTree = "<group>"; };
		16CEFC932063435B004230D7 /* RecordStyleTwoTableViewCell.m */ = {isa = PBXFileReference; lastKnownFileType = sourcecode.c.objc; path = RecordStyleTwoTableViewCell.m; sourceTree = "<group>"; };
		16CEFC9820634920004230D7 /* UIView+Snapshot.h */ = {isa = PBXFileReference; lastKnownFileType = sourcecode.c.h; path = "UIView+Snapshot.h"; sourceTree = "<group>"; };
		16CEFC9920634920004230D7 /* UIView+Snapshot.m */ = {isa = PBXFileReference; lastKnownFileType = sourcecode.c.objc; path = "UIView+Snapshot.m"; sourceTree = "<group>"; };
		16CEFC9B20634AC8004230D7 /* RotatedView.h */ = {isa = PBXFileReference; lastKnownFileType = sourcecode.c.h; path = RotatedView.h; sourceTree = "<group>"; };
		16CEFC9C20634AC8004230D7 /* RotatedView.m */ = {isa = PBXFileReference; lastKnownFileType = sourcecode.c.objc; path = RotatedView.m; sourceTree = "<group>"; };
		16CEFC9E206350C0004230D7 /* SwitchConfigurationManager.h */ = {isa = PBXFileReference; lastKnownFileType = sourcecode.c.h; path = SwitchConfigurationManager.h; sourceTree = "<group>"; };
		16CEFC9F206350C0004230D7 /* SwitchConfigurationManager.m */ = {isa = PBXFileReference; lastKnownFileType = sourcecode.c.objc; path = SwitchConfigurationManager.m; sourceTree = "<group>"; };
		16CEFCA1206355ED004230D7 /* RecordStyleTwoViewController.h */ = {isa = PBXFileReference; lastKnownFileType = sourcecode.c.h; path = RecordStyleTwoViewController.h; sourceTree = "<group>"; };
		16CEFCA2206355ED004230D7 /* RecordStyleTwoViewController.m */ = {isa = PBXFileReference; lastKnownFileType = sourcecode.c.objc; path = RecordStyleTwoViewController.m; sourceTree = "<group>"; };
		16CEFCA620637988004230D7 /* StyleTwoCell.xib */ = {isa = PBXFileReference; lastKnownFileType = file.xib; path = StyleTwoCell.xib; sourceTree = "<group>"; };
		16F29329205290550094F490 /* RecordTableView.h */ = {isa = PBXFileReference; lastKnownFileType = sourcecode.c.h; path = RecordTableView.h; sourceTree = "<group>"; };
		16F2932A205290550094F490 /* RecordTableView.m */ = {isa = PBXFileReference; lastKnownFileType = sourcecode.c.objc; path = RecordTableView.m; sourceTree = "<group>"; };
		64A112BB206735B7008C03C9 /* MineTableView.h */ = {isa = PBXFileReference; lastKnownFileType = sourcecode.c.h; path = MineTableView.h; sourceTree = "<group>"; };
		64A112BC206735B7008C03C9 /* MineTableView.m */ = {isa = PBXFileReference; lastKnownFileType = sourcecode.c.objc; path = MineTableView.m; sourceTree = "<group>"; };
		68EBA188898C1E0630CE17CC /* Pods-SimpleRecord.release.xcconfig */ = {isa = PBXFileReference; includeInIndex = 1; lastKnownFileType = text.xcconfig; name = "Pods-SimpleRecord.release.xcconfig"; path = "Pods/Target Support Files/Pods-SimpleRecord/Pods-SimpleRecord.release.xcconfig"; sourceTree = "<group>"; };
		73104B1B8A13EF0DFCFECDBC /* libPods-SimpleRecord.a */ = {isa = PBXFileReference; explicitFileType = archive.ar; includeInIndex = 0; path = "libPods-SimpleRecord.a"; sourceTree = BUILT_PRODUCTS_DIR; };
		7C72DB3D72D1082653B5233D /* Pods-SimpleRecord.debug.xcconfig */ = {isa = PBXFileReference; includeInIndex = 1; lastKnownFileType = text.xcconfig; name = "Pods-SimpleRecord.debug.xcconfig"; path = "Pods/Target Support Files/Pods-SimpleRecord/Pods-SimpleRecord.debug.xcconfig"; sourceTree = "<group>"; };
/* End PBXFileReference section */

/* Begin PBXFrameworksBuildPhase section */
		161DDBD1204FB4E7000B195B /* Frameworks */ = {
			isa = PBXFrameworksBuildPhase;
			buildActionMask = 2147483647;
			files = (
				D1EE085C8543542AB9067104 /* libPods-SimpleRecord.a in Frameworks */,
			);
			runOnlyForDeploymentPostprocessing = 0;
		};
		161DDBE9204FB4E7000B195B /* Frameworks */ = {
			isa = PBXFrameworksBuildPhase;
			buildActionMask = 2147483647;
			files = (
			);
			runOnlyForDeploymentPostprocessing = 0;
		};
		161DDBF4204FB4E7000B195B /* Frameworks */ = {
			isa = PBXFrameworksBuildPhase;
			buildActionMask = 2147483647;
			files = (
			);
			runOnlyForDeploymentPostprocessing = 0;
		};
/* End PBXFrameworksBuildPhase section */

/* Begin PBXGroup section */
		02F3D1806E04E5323600F7BB /* Pods */ = {
			isa = PBXGroup;
			children = (
				7C72DB3D72D1082653B5233D /* Pods-SimpleRecord.debug.xcconfig */,
				68EBA188898C1E0630CE17CC /* Pods-SimpleRecord.release.xcconfig */,
			);
			name = Pods;
			sourceTree = "<group>";
		};
		161DDBCB204FB4E7000B195B = {
			isa = PBXGroup;
			children = (
				161DDBD6204FB4E7000B195B /* SimpleRecord */,
				161DDBEF204FB4E7000B195B /* SimpleRecordTests */,
				161DDBFA204FB4E7000B195B /* SimpleRecordUITests */,
				161DDBD5204FB4E7000B195B /* Products */,
				02F3D1806E04E5323600F7BB /* Pods */,
				E243B23DCB35EE8DC39A01B2 /* Frameworks */,
			);
			sourceTree = "<group>";
		};
		161DDBD5204FB4E7000B195B /* Products */ = {
			isa = PBXGroup;
			children = (
				161DDBD4204FB4E7000B195B /* SimpleRecord.app */,
				161DDBEC204FB4E7000B195B /* SimpleRecordTests.xctest */,
				161DDBF7204FB4E7000B195B /* SimpleRecordUITests.xctest */,
			);
			name = Products;
			sourceTree = "<group>";
		};
		161DDBD6204FB4E7000B195B /* SimpleRecord */ = {
			isa = PBXGroup;
			children = (
				1696E839205258820022B670 /* Tool */,
				1696E82920522C590022B670 /* Category */,
				161DDC10204FC284000B195B /* Manager */,
				161DDC09204FBB57000B195B /* BaseControllers */,
				1696E82D20523C150022B670 /* Calendar */,
				1696E82E20523CCD0022B670 /* Record */,
				1696E82F20523CDE0022B670 /* Mine */,
				161DDBD7204FB4E7000B195B /* AppDelegate.h */,
				161DDBD8204FB4E7000B195B /* AppDelegate.m */,
				161DDBDA204FB4E7000B195B /* ViewController.h */,
				161DDBDB204FB4E7000B195B /* ViewController.m */,
				161DDBDD204FB4E7000B195B /* Main.storyboard */,
				161DDBE0204FB4E7000B195B /* Assets.xcassets */,
				161DDBE2204FB4E7000B195B /* LaunchScreen.storyboard */,
				161DDBE5204FB4E7000B195B /* Info.plist */,
				161DDBE6204FB4E7000B195B /* main.m */,
			);
			path = SimpleRecord;
			sourceTree = "<group>";
		};
		161DDBEF204FB4E7000B195B /* SimpleRecordTests */ = {
			isa = PBXGroup;
			children = (
				161DDBF0204FB4E7000B195B /* SimpleRecordTests.m */,
				161DDBF2204FB4E7000B195B /* Info.plist */,
			);
			path = SimpleRecordTests;
			sourceTree = "<group>";
		};
		161DDBFA204FB4E7000B195B /* SimpleRecordUITests */ = {
			isa = PBXGroup;
			children = (
				161DDBFB204FB4E7000B195B /* SimpleRecordUITests.m */,
				161DDBFD204FB4E7000B195B /* Info.plist */,
			);
			path = SimpleRecordUITests;
			sourceTree = "<group>";
		};
		161DDC09204FBB57000B195B /* BaseControllers */ = {
			isa = PBXGroup;
			children = (
				161DDC0A204FBD80000B195B /* CustomTabBarConterller.h */,
				161DDC0B204FBD80000B195B /* CustomTabBarConterller.m */,
				161DDC0D204FC030000B195B /* CustomNavigationController.h */,
				161DDC0E204FC030000B195B /* CustomNavigationController.m */,
			);
			path = BaseControllers;
			sourceTree = "<group>";
		};
		161DDC10204FC284000B195B /* Manager */ = {
			isa = PBXGroup;
			children = (
				1613265E204FEE2600CDE1EB /* UserDBOperationManager.h */,
				1613265F204FEE2600CDE1EB /* UserDBOperationManager.m */,
				161DDC11204FC2BB000B195B /* AppSkinColorManger.h */,
				161DDC12204FC2BB000B195B /* AppSkinColorManger.m */,
				161DDC14204FCBBF000B195B /* UserDataManager.h */,
				161DDC15204FCBBF000B195B /* UserDataManager.m */,
				1696E83A205258C80022B670 /* SRRouterManager.h */,
				1696E83B205258C80022B670 /* SRRouterManager.m */,
				1696E83D20525A310022B670 /* SRRouterUrl.h */,
				16CEFC9E206350C0004230D7 /* SwitchConfigurationManager.h */,
				16CEFC9F206350C0004230D7 /* SwitchConfigurationManager.m */,
			);
			path = Manager;
			sourceTree = "<group>";
		};
		1696E82920522C590022B670 /* Category */ = {
			isa = PBXGroup;
			children = (
				1696E82A20522D130022B670 /* UIImage+color.h */,
				1696E82B20522D130022B670 /* UIImage+color.m */,
				16CEFC9820634920004230D7 /* UIView+Snapshot.h */,
				16CEFC9920634920004230D7 /* UIView+Snapshot.m */,
			);
			path = Category;
			sourceTree = "<group>";
		};
		1696E82D20523C150022B670 /* Calendar */ = {
			isa = PBXGroup;
			children = (
				1696E830205254D50022B670 /* CalendarViewController.h */,
				1696E831205254D50022B670 /* CalendarViewController.m */,
			);
			path = Calendar;
			sourceTree = "<group>";
		};
		1696E82E20523CCD0022B670 /* Record */ = {
			isa = PBXGroup;
			children = (
				16CEFC8D20633CD2004230D7 /* style one */,
				16CEFC8E20633CE7004230D7 /* style two */,
			);
			path = Record;
			sourceTree = "<group>";
		};
		1696E82F20523CDE0022B670 /* Mine */ = {
			isa = PBXGroup;
			children = (
				16AAC44B206DC68700068605 /* style one */,
			);
			path = Mine;
			sourceTree = "<group>";
		};
		1696E839205258820022B670 /* Tool */ = {
			isa = PBXGroup;
			children = (
				1637FFDA205627640086F176 /* Macro.h */,
			);
			path = Tool;
			sourceTree = "<group>";
		};
		16AAC44B206DC68700068605 /* style one */ = {
			isa = PBXGroup;
			children = (
				64A112B820673575008C03C9 /* MineTable */,
				1696E836205254FB0022B670 /* MineViewController.h */,
				1696E837205254FB0022B670 /* MineViewController.m */,
			);
			path = "style one";
			sourceTree = "<group>";
		};
		16CEFC8D20633CD2004230D7 /* style one */ = {
			isa = PBXGroup;
			children = (
				16CEFCA420637921004230D7 /* Record Table */,
				1696E833205254E10022B670 /* RecordViewController.h */,
				1696E834205254E10022B670 /* RecordViewController.m */,
			);
			path = "style one";
			sourceTree = "<group>";
		};
		16CEFC8E20633CE7004230D7 /* style two */ = {
			isa = PBXGroup;
			children = (
				16CEFCA520637929004230D7 /* Record Table */,
				16CEFCA1206355ED004230D7 /* RecordStyleTwoViewController.h */,
				16CEFCA2206355ED004230D7 /* RecordStyleTwoViewController.m */,
			);
			path = "style two";
			sourceTree = "<group>";
		};
		16CEFCA420637921004230D7 /* Record Table */ = {
			isa = PBXGroup;
			children = (
				16F29329205290550094F490 /* RecordTableView.h */,
				16F2932A205290550094F490 /* RecordTableView.m */,
				1637FFDB20564D890086F176 /* RecordTableViewCell.h */,
				1637FFDC20564D890086F176 /* RecordTableViewCell.m */,
				1637FFD7205624650086F176 /* RecordTableHeadView.h */,
				1637FFD8205624650086F176 /* RecordTableHeadView.m */,
				160634942058B2EA006EC80A /* ChangeRecordStyleCustomView.h */,
				160634952058B2EA006EC80A /* ChangeRecordStyleCustomView.m */,
			);
			path = "Record Table";
			sourceTree = "<group>";
		};
		16CEFCA520637929004230D7 /* Record Table */ = {
			isa = PBXGroup;
			children = (
				16CEFC8F20633D42004230D7 /* RecordStyleTwoTableView.h */,
				16CEFC9020633D42004230D7 /* RecordStyleTwoTableView.m */,
				16CEFC922063435B004230D7 /* RecordStyleTwoTableViewCell.h */,
				16CEFC932063435B004230D7 /* RecordStyleTwoTableViewCell.m */,
				16CEFC9B20634AC8004230D7 /* RotatedView.h */,
				16CEFC9C20634AC8004230D7 /* RotatedView.m */,
				16CEFCA620637988004230D7 /* StyleTwoCell.xib */,
			);
			path = "Record Table";
			sourceTree = "<group>";
		};
		64A112B820673575008C03C9 /* MineTable */ = {
			isa = PBXGroup;
			children = (
				64A112BB206735B7008C03C9 /* MineTableView.h */,
				64A112BC206735B7008C03C9 /* MineTableView.m */,
				16AAC44C206DCF0A00068605 /* MineTableHeadView.h */,
				16AAC44D206DCF0A00068605 /* MineTableHeadView.m */,
			);
			path = MineTable;
			sourceTree = "<group>";
		};
		E243B23DCB35EE8DC39A01B2 /* Frameworks */ = {
			isa = PBXGroup;
			children = (
				73104B1B8A13EF0DFCFECDBC /* libPods-SimpleRecord.a */,
			);
			name = Frameworks;
			sourceTree = "<group>";
		};
/* End PBXGroup section */

/* Begin PBXNativeTarget section */
		161DDBD3204FB4E7000B195B /* SimpleRecord */ = {
			isa = PBXNativeTarget;
			buildConfigurationList = 161DDC00204FB4E7000B195B /* Build configuration list for PBXNativeTarget "SimpleRecord" */;
			buildPhases = (
				89AD0954A34278A52EA9FD04 /* [CP] Check Pods Manifest.lock */,
				161DDBD0204FB4E7000B195B /* Sources */,
				161DDBD1204FB4E7000B195B /* Frameworks */,
				161DDBD2204FB4E7000B195B /* Resources */,
				A483E3937D315EC51AC43028 /* [CP] Embed Pods Frameworks */,
				1FA3D035FDA1CAC4BBB7A571 /* [CP] Copy Pods Resources */,
			);
			buildRules = (
			);
			dependencies = (
			);
			name = SimpleRecord;
			productName = SimpleRecord;
			productReference = 161DDBD4204FB4E7000B195B /* SimpleRecord.app */;
			productType = "com.apple.product-type.application";
		};
		161DDBEB204FB4E7000B195B /* SimpleRecordTests */ = {
			isa = PBXNativeTarget;
			buildConfigurationList = 161DDC03204FB4E7000B195B /* Build configuration list for PBXNativeTarget "SimpleRecordTests" */;
			buildPhases = (
				161DDBE8204FB4E7000B195B /* Sources */,
				161DDBE9204FB4E7000B195B /* Frameworks */,
				161DDBEA204FB4E7000B195B /* Resources */,
			);
			buildRules = (
			);
			dependencies = (
				161DDBEE204FB4E7000B195B /* PBXTargetDependency */,
			);
			name = SimpleRecordTests;
			productName = SimpleRecordTests;
			productReference = 161DDBEC204FB4E7000B195B /* SimpleRecordTests.xctest */;
			productType = "com.apple.product-type.bundle.unit-test";
		};
		161DDBF6204FB4E7000B195B /* SimpleRecordUITests */ = {
			isa = PBXNativeTarget;
			buildConfigurationList = 161DDC06204FB4E7000B195B /* Build configuration list for PBXNativeTarget "SimpleRecordUITests" */;
			buildPhases = (
				161DDBF3204FB4E7000B195B /* Sources */,
				161DDBF4204FB4E7000B195B /* Frameworks */,
				161DDBF5204FB4E7000B195B /* Resources */,
			);
			buildRules = (
			);
			dependencies = (
				161DDBF9204FB4E7000B195B /* PBXTargetDependency */,
			);
			name = SimpleRecordUITests;
			productName = SimpleRecordUITests;
			productReference = 161DDBF7204FB4E7000B195B /* SimpleRecordUITests.xctest */;
			productType = "com.apple.product-type.bundle.ui-testing";
		};
/* End PBXNativeTarget section */

/* Begin PBXProject section */
		161DDBCC204FB4E7000B195B /* Project object */ = {
			isa = PBXProject;
			attributes = {
				LastUpgradeCheck = 0920;
				ORGANIZATIONNAME = xia;
				TargetAttributes = {
					161DDBD3204FB4E7000B195B = {
						CreatedOnToolsVersion = 9.2;
						ProvisioningStyle = Automatic;
					};
					161DDBEB204FB4E7000B195B = {
						CreatedOnToolsVersion = 9.2;
						ProvisioningStyle = Automatic;
						TestTargetID = 161DDBD3204FB4E7000B195B;
					};
					161DDBF6204FB4E7000B195B = {
						CreatedOnToolsVersion = 9.2;
						ProvisioningStyle = Automatic;
						TestTargetID = 161DDBD3204FB4E7000B195B;
					};
				};
			};
			buildConfigurationList = 161DDBCF204FB4E7000B195B /* Build configuration list for PBXProject "SimpleRecord" */;
			compatibilityVersion = "Xcode 8.0";
			developmentRegion = en;
			hasScannedForEncodings = 0;
			knownRegions = (
				en,
				Base,
			);
			mainGroup = 161DDBCB204FB4E7000B195B;
			productRefGroup = 161DDBD5204FB4E7000B195B /* Products */;
			projectDirPath = "";
			projectRoot = "";
			targets = (
				161DDBD3204FB4E7000B195B /* SimpleRecord */,
				161DDBEB204FB4E7000B195B /* SimpleRecordTests */,
				161DDBF6204FB4E7000B195B /* SimpleRecordUITests */,
			);
		};
/* End PBXProject section */

/* Begin PBXResourcesBuildPhase section */
		161DDBD2204FB4E7000B195B /* Resources */ = {
			isa = PBXResourcesBuildPhase;
			buildActionMask = 2147483647;
			files = (
				16CEFCA720637988004230D7 /* StyleTwoCell.xib in Resources */,
				161DDBE4204FB4E7000B195B /* LaunchScreen.storyboard in Resources */,
				161DDBE1204FB4E7000B195B /* Assets.xcassets in Resources */,
				161DDBDF204FB4E7000B195B /* Main.storyboard in Resources */,
			);
			runOnlyForDeploymentPostprocessing = 0;
		};
		161DDBEA204FB4E7000B195B /* Resources */ = {
			isa = PBXResourcesBuildPhase;
			buildActionMask = 2147483647;
			files = (
			);
			runOnlyForDeploymentPostprocessing = 0;
		};
		161DDBF5204FB4E7000B195B /* Resources */ = {
			isa = PBXResourcesBuildPhase;
			buildActionMask = 2147483647;
			files = (
			);
			runOnlyForDeploymentPostprocessing = 0;
		};
/* End PBXResourcesBuildPhase section */

/* Begin PBXShellScriptBuildPhase section */
		1FA3D035FDA1CAC4BBB7A571 /* [CP] Copy Pods Resources */ = {
			isa = PBXShellScriptBuildPhase;
			buildActionMask = 2147483647;
			files = (
			);
			inputPaths = (
				"${SRCROOT}/Pods/Target Support Files/Pods-SimpleRecord/Pods-SimpleRecord-resources.sh",
				"${PODS_ROOT}/MJRefresh/MJRefresh/MJRefresh.bundle",
				"${PODS_ROOT}/SVProgressHUD/SVProgressHUD/SVProgressHUD.bundle",
			);
			name = "[CP] Copy Pods Resources";
			outputPaths = (
				"${TARGET_BUILD_DIR}/${UNLOCALIZED_RESOURCES_FOLDER_PATH}",
			);
			runOnlyForDeploymentPostprocessing = 0;
			shellPath = /bin/sh;
			shellScript = "\"${SRCROOT}/Pods/Target Support Files/Pods-SimpleRecord/Pods-SimpleRecord-resources.sh\"\n";
			showEnvVarsInLog = 0;
		};
		89AD0954A34278A52EA9FD04 /* [CP] Check Pods Manifest.lock */ = {
			isa = PBXShellScriptBuildPhase;
			buildActionMask = 2147483647;
			files = (
			);
			inputPaths = (
				"${PODS_PODFILE_DIR_PATH}/Podfile.lock",
				"${PODS_ROOT}/Manifest.lock",
			);
			name = "[CP] Check Pods Manifest.lock";
			outputPaths = (
				"$(DERIVED_FILE_DIR)/Pods-SimpleRecord-checkManifestLockResult.txt",
			);
			runOnlyForDeploymentPostprocessing = 0;
			shellPath = /bin/sh;
			shellScript = "diff \"${PODS_PODFILE_DIR_PATH}/Podfile.lock\" \"${PODS_ROOT}/Manifest.lock\" > /dev/null\nif [ $? != 0 ] ; then\n    # print error to STDERR\n    echo \"error: The sandbox is not in sync with the Podfile.lock. Run 'pod install' or update your CocoaPods installation.\" >&2\n    exit 1\nfi\n# This output is used by Xcode 'outputs' to avoid re-running this script phase.\necho \"SUCCESS\" > \"${SCRIPT_OUTPUT_FILE_0}\"\n";
			showEnvVarsInLog = 0;
		};
		A483E3937D315EC51AC43028 /* [CP] Embed Pods Frameworks */ = {
			isa = PBXShellScriptBuildPhase;
			buildActionMask = 2147483647;
			files = (
			);
			inputPaths = (
			);
			name = "[CP] Embed Pods Frameworks";
			outputPaths = (
			);
			runOnlyForDeploymentPostprocessing = 0;
			shellPath = /bin/sh;
			shellScript = "\"${SRCROOT}/Pods/Target Support Files/Pods-SimpleRecord/Pods-SimpleRecord-frameworks.sh\"\n";
			showEnvVarsInLog = 0;
		};
/* End PBXShellScriptBuildPhase section */

/* Begin PBXSourcesBuildPhase section */
		161DDBD0204FB4E7000B195B /* Sources */ = {
			isa = PBXSourcesBuildPhase;
			buildActionMask = 2147483647;
			files = (
				160634962058B2EA006EC80A /* ChangeRecordStyleCustomView.m in Sources */,
				16F2932B205290550094F490 /* RecordTableView.m in Sources */,
				16CEFCA0206350C0004230D7 /* SwitchConfigurationManager.m in Sources */,
				161DDC13204FC2BB000B195B /* AppSkinColorManger.m in Sources */,
				1637FFDD20564D890086F176 /* RecordTableViewCell.m in Sources */,
				16AAC44E206DCF0A00068605 /* MineTableHeadView.m in Sources */,
				161DDC0C204FBD80000B195B /* CustomTabBarConterller.m in Sources */,
				1696E83C205258C80022B670 /* SRRouterManager.m in Sources */,
				16CEFCA3206355ED004230D7 /* RecordStyleTwoViewController.m in Sources */,
				1696E82C20522D130022B670 /* UIImage+color.m in Sources */,
				1696E838205254FB0022B670 /* MineViewController.m in Sources */,
				1637FFD9205624650086F176 /* RecordTableHeadView.m in Sources */,
				161DDC0F204FC030000B195B /* CustomNavigationController.m in Sources */,
				161DDC16204FCBBF000B195B /* UserDataManager.m in Sources */,
				16132660204FEE2600CDE1EB /* UserDBOperationManager.m in Sources */,
				64A112BD206735B7008C03C9 /* MineTableView.m in Sources */,
				16CEFC9A20634920004230D7 /* UIView+Snapshot.m in Sources */,
				161DDBDC204FB4E7000B195B /* ViewController.m in Sources */,
				1696E835205254E10022B670 /* RecordViewController.m in Sources */,
				16CEFC942063435B004230D7 /* RecordStyleTwoTableViewCell.m in Sources */,
				161DDBE7204FB4E7000B195B /* main.m in Sources */,
				16CEFC9D20634AC8004230D7 /* RotatedView.m in Sources */,
				16CEFC9120633D42004230D7 /* RecordStyleTwoTableView.m in Sources */,
				1696E832205254D50022B670 /* CalendarViewController.m in Sources */,
				161DDBD9204FB4E7000B195B /* AppDelegate.m in Sources */,
			);
			runOnlyForDeploymentPostprocessing = 0;
		};
		161DDBE8204FB4E7000B195B /* Sources */ = {
			isa = PBXSourcesBuildPhase;
			buildActionMask = 2147483647;
			files = (
				161DDBF1204FB4E7000B195B /* SimpleRecordTests.m in Sources */,
			);
			runOnlyForDeploymentPostprocessing = 0;
		};
		161DDBF3204FB4E7000B195B /* Sources */ = {
			isa = PBXSourcesBuildPhase;
			buildActionMask = 2147483647;
			files = (
				161DDBFC204FB4E7000B195B /* SimpleRecordUITests.m in Sources */,
			);
			runOnlyForDeploymentPostprocessing = 0;
		};
/* End PBXSourcesBuildPhase section */

/* Begin PBXTargetDependency section */
		161DDBEE204FB4E7000B195B /* PBXTargetDependency */ = {
			isa = PBXTargetDependency;
			target = 161DDBD3204FB4E7000B195B /* SimpleRecord */;
			targetProxy = 161DDBED204FB4E7000B195B /* PBXContainerItemProxy */;
		};
		161DDBF9204FB4E7000B195B /* PBXTargetDependency */ = {
			isa = PBXTargetDependency;
			target = 161DDBD3204FB4E7000B195B /* SimpleRecord */;
			targetProxy = 161DDBF8204FB4E7000B195B /* PBXContainerItemProxy */;
		};
/* End PBXTargetDependency section */

/* Begin PBXVariantGroup section */
		161DDBDD204FB4E7000B195B /* Main.storyboard */ = {
			isa = PBXVariantGroup;
			children = (
				161DDBDE204FB4E7000B195B /* Base */,
			);
			name = Main.storyboard;
			sourceTree = "<group>";
		};
		161DDBE2204FB4E7000B195B /* LaunchScreen.storyboard */ = {
			isa = PBXVariantGroup;
			children = (
				161DDBE3204FB4E7000B195B /* Base */,
			);
			name = LaunchScreen.storyboard;
			sourceTree = "<group>";
		};
/* End PBXVariantGroup section */

/* Begin XCBuildConfiguration section */
		161DDBFE204FB4E7000B195B /* Debug */ = {
			isa = XCBuildConfiguration;
			buildSettings = {
				ALWAYS_SEARCH_USER_PATHS = NO;
				CLANG_ANALYZER_NONNULL = YES;
				CLANG_ANALYZER_NUMBER_OBJECT_CONVERSION = YES_AGGRESSIVE;
				CLANG_CXX_LANGUAGE_STANDARD = "gnu++14";
				CLANG_CXX_LIBRARY = "libc++";
				CLANG_ENABLE_MODULES = YES;
				CLANG_ENABLE_OBJC_ARC = YES;
				CLANG_WARN_BLOCK_CAPTURE_AUTORELEASING = YES;
				CLANG_WARN_BOOL_CONVERSION = YES;
				CLANG_WARN_COMMA = YES;
				CLANG_WARN_CONSTANT_CONVERSION = YES;
				CLANG_WARN_DIRECT_OBJC_ISA_USAGE = YES_ERROR;
				CLANG_WARN_DOCUMENTATION_COMMENTS = YES;
				CLANG_WARN_EMPTY_BODY = YES;
				CLANG_WARN_ENUM_CONVERSION = YES;
				CLANG_WARN_INFINITE_RECURSION = YES;
				CLANG_WARN_INT_CONVERSION = YES;
				CLANG_WARN_NON_LITERAL_NULL_CONVERSION = YES;
				CLANG_WARN_OBJC_LITERAL_CONVERSION = YES;
				CLANG_WARN_OBJC_ROOT_CLASS = YES_ERROR;
				CLANG_WARN_RANGE_LOOP_ANALYSIS = YES;
				CLANG_WARN_STRICT_PROTOTYPES = YES;
				CLANG_WARN_SUSPICIOUS_MOVE = YES;
				CLANG_WARN_UNGUARDED_AVAILABILITY = YES_AGGRESSIVE;
				CLANG_WARN_UNREACHABLE_CODE = YES;
				CLANG_WARN__DUPLICATE_METHOD_MATCH = YES;
				CODE_SIGN_IDENTITY = "iPhone Developer";
				COPY_PHASE_STRIP = NO;
				DEBUG_INFORMATION_FORMAT = dwarf;
				ENABLE_STRICT_OBJC_MSGSEND = YES;
				ENABLE_TESTABILITY = YES;
				GCC_C_LANGUAGE_STANDARD = gnu11;
				GCC_DYNAMIC_NO_PIC = NO;
				GCC_NO_COMMON_BLOCKS = YES;
				GCC_OPTIMIZATION_LEVEL = 0;
				GCC_PREPROCESSOR_DEFINITIONS = (
					"DEBUG=1",
					"$(inherited)",
				);
				GCC_WARN_64_TO_32_BIT_CONVERSION = YES;
				GCC_WARN_ABOUT_RETURN_TYPE = YES_ERROR;
				GCC_WARN_UNDECLARED_SELECTOR = YES;
				GCC_WARN_UNINITIALIZED_AUTOS = YES_AGGRESSIVE;
				GCC_WARN_UNUSED_FUNCTION = YES;
				GCC_WARN_UNUSED_VARIABLE = YES;
				IPHONEOS_DEPLOYMENT_TARGET = 11.2;
				MTL_ENABLE_DEBUG_INFO = YES;
				ONLY_ACTIVE_ARCH = YES;
				SDKROOT = iphoneos;
			};
			name = Debug;
		};
		161DDBFF204FB4E7000B195B /* Release */ = {
			isa = XCBuildConfiguration;
			buildSettings = {
				ALWAYS_SEARCH_USER_PATHS = NO;
				CLANG_ANALYZER_NONNULL = YES;
				CLANG_ANALYZER_NUMBER_OBJECT_CONVERSION = YES_AGGRESSIVE;
				CLANG_CXX_LANGUAGE_STANDARD = "gnu++14";
				CLANG_CXX_LIBRARY = "libc++";
				CLANG_ENABLE_MODULES = YES;
				CLANG_ENABLE_OBJC_ARC = YES;
				CLANG_WARN_BLOCK_CAPTURE_AUTORELEASING = YES;
				CLANG_WARN_BOOL_CONVERSION = YES;
				CLANG_WARN_COMMA = YES;
				CLANG_WARN_CONSTANT_CONVERSION = YES;
				CLANG_WARN_DIRECT_OBJC_ISA_USAGE = YES_ERROR;
				CLANG_WARN_DOCUMENTATION_COMMENTS = YES;
				CLANG_WARN_EMPTY_BODY = YES;
				CLANG_WARN_ENUM_CONVERSION = YES;
				CLANG_WARN_INFINITE_RECURSION = YES;
				CLANG_WARN_INT_CONVERSION = YES;
				CLANG_WARN_NON_LITERAL_NULL_CONVERSION = YES;
				CLANG_WARN_OBJC_LITERAL_CONVERSION = YES;
				CLANG_WARN_OBJC_ROOT_CLASS = YES_ERROR;
				CLANG_WARN_RANGE_LOOP_ANALYSIS = YES;
				CLANG_WARN_STRICT_PROTOTYPES = YES;
				CLANG_WARN_SUSPICIOUS_MOVE = YES;
				CLANG_WARN_UNGUARDED_AVAILABILITY = YES_AGGRESSIVE;
				CLANG_WARN_UNREACHABLE_CODE = YES;
				CLANG_WARN__DUPLICATE_METHOD_MATCH = YES;
				CODE_SIGN_IDENTITY = "iPhone Developer";
				COPY_PHASE_STRIP = NO;
				DEBUG_INFORMATION_FORMAT = "dwarf-with-dsym";
				ENABLE_NS_ASSERTIONS = NO;
				ENABLE_STRICT_OBJC_MSGSEND = YES;
				GCC_C_LANGUAGE_STANDARD = gnu11;
				GCC_NO_COMMON_BLOCKS = YES;
				GCC_WARN_64_TO_32_BIT_CONVERSION = YES;
				GCC_WARN_ABOUT_RETURN_TYPE = YES_ERROR;
				GCC_WARN_UNDECLARED_SELECTOR = YES;
				GCC_WARN_UNINITIALIZED_AUTOS = YES_AGGRESSIVE;
				GCC_WARN_UNUSED_FUNCTION = YES;
				GCC_WARN_UNUSED_VARIABLE = YES;
				IPHONEOS_DEPLOYMENT_TARGET = 11.2;
				MTL_ENABLE_DEBUG_INFO = NO;
				SDKROOT = iphoneos;
				VALIDATE_PRODUCT = YES;
			};
			name = Release;
		};
		161DDC01204FB4E7000B195B /* Debug */ = {
			isa = XCBuildConfiguration;
			baseConfigurationReference = 7C72DB3D72D1082653B5233D /* Pods-SimpleRecord.debug.xcconfig */;
			buildSettings = {
				ASSETCATALOG_COMPILER_APPICON_NAME = AppIcon;
				CODE_SIGN_STYLE = Automatic;
				DEVELOPMENT_TEAM = HJFP99G4PR;
				INFOPLIST_FILE = SimpleRecord/Info.plist;
				LD_RUNPATH_SEARCH_PATHS = "$(inherited) @executable_path/Frameworks";
				PRODUCT_BUNDLE_IDENTIFIER = com.yadongHu.SimpleRecord;
				PRODUCT_NAME = "$(TARGET_NAME)";
				TARGETED_DEVICE_FAMILY = "1,2";
			};
			name = Debug;
		};
		161DDC02204FB4E7000B195B /* Release */ = {
			isa = XCBuildConfiguration;
			baseConfigurationReference = 68EBA188898C1E0630CE17CC /* Pods-SimpleRecord.release.xcconfig */;
			buildSettings = {
				ASSETCATALOG_COMPILER_APPICON_NAME = AppIcon;
				CODE_SIGN_STYLE = Automatic;
				DEVELOPMENT_TEAM = HJFP99G4PR;
				INFOPLIST_FILE = SimpleRecord/Info.plist;
				LD_RUNPATH_SEARCH_PATHS = "$(inherited) @executable_path/Frameworks";
				PRODUCT_BUNDLE_IDENTIFIER = com.yadongHu.SimpleRecord;
				PRODUCT_NAME = "$(TARGET_NAME)";
				TARGETED_DEVICE_FAMILY = "1,2";
			};
			name = Release;
		};
		161DDC04204FB4E7000B195B /* Debug */ = {
			isa = XCBuildConfiguration;
			buildSettings = {
				BUNDLE_LOADER = "$(TEST_HOST)";
				CODE_SIGN_STYLE = Automatic;
				DEVELOPMENT_TEAM = HJFP99G4PR;
				INFOPLIST_FILE = SimpleRecordTests/Info.plist;
				LD_RUNPATH_SEARCH_PATHS = "$(inherited) @executable_path/Frameworks @loader_path/Frameworks";
				PRODUCT_BUNDLE_IDENTIFIER = com.yadongHu.SimpleRecordTests;
				PRODUCT_NAME = "$(TARGET_NAME)";
				TARGETED_DEVICE_FAMILY = "1,2";
				TEST_HOST = "$(BUILT_PRODUCTS_DIR)/SimpleRecord.app/SimpleRecord";
			};
			name = Debug;
		};
		161DDC05204FB4E7000B195B /* Release */ = {
			isa = XCBuildConfiguration;
			buildSettings = {
				BUNDLE_LOADER = "$(TEST_HOST)";
				CODE_SIGN_STYLE = Automatic;
				DEVELOPMENT_TEAM = HJFP99G4PR;
				INFOPLIST_FILE = SimpleRecordTests/Info.plist;
				LD_RUNPATH_SEARCH_PATHS = "$(inherited) @executable_path/Frameworks @loader_path/Frameworks";
				PRODUCT_BUNDLE_IDENTIFIER = com.yadongHu.SimpleRecordTests;
				PRODUCT_NAME = "$(TARGET_NAME)";
				TARGETED_DEVICE_FAMILY = "1,2";
				TEST_HOST = "$(BUILT_PRODUCTS_DIR)/SimpleRecord.app/SimpleRecord";
			};
			name = Release;
		};
		161DDC07204FB4E7000B195B /* Debug */ = {
			isa = XCBuildConfiguration;
			buildSettings = {
				CODE_SIGN_STYLE = Automatic;
				DEVELOPMENT_TEAM = HJFP99G4PR;
				INFOPLIST_FILE = SimpleRecordUITests/Info.plist;
				LD_RUNPATH_SEARCH_PATHS = "$(inherited) @executable_path/Frameworks @loader_path/Frameworks";
				PRODUCT_BUNDLE_IDENTIFIER = com.yadongHu.SimpleRecordUITests;
				PRODUCT_NAME = "$(TARGET_NAME)";
				TARGETED_DEVICE_FAMILY = "1,2";
				TEST_TARGET_NAME = SimpleRecord;
			};
			name = Debug;
		};
		161DDC08204FB4E7000B195B /* Release */ = {
			isa = XCBuildConfiguration;
			buildSettings = {
				CODE_SIGN_STYLE = Automatic;
				DEVELOPMENT_TEAM = HJFP99G4PR;
				INFOPLIST_FILE = SimpleRecordUITests/Info.plist;
				LD_RUNPATH_SEARCH_PATHS = "$(inherited) @executable_path/Frameworks @loader_path/Frameworks";
				PRODUCT_BUNDLE_IDENTIFIER = com.yadongHu.SimpleRecordUITests;
				PRODUCT_NAME = "$(TARGET_NAME)";
				TARGETED_DEVICE_FAMILY = "1,2";
				TEST_TARGET_NAME = SimpleRecord;
			};
			name = Release;
		};
/* End XCBuildConfiguration section */

/* Begin XCConfigurationList section */
		161DDBCF204FB4E7000B195B /* Build configuration list for PBXProject "SimpleRecord" */ = {
			isa = XCConfigurationList;
			buildConfigurations = (
				161DDBFE204FB4E7000B195B /* Debug */,
				161DDBFF204FB4E7000B195B /* Release */,
			);
			defaultConfigurationIsVisible = 0;
			defaultConfigurationName = Release;
		};
		161DDC00204FB4E7000B195B /* Build configuration list for PBXNativeTarget "SimpleRecord" */ = {
			isa = XCConfigurationList;
			buildConfigurations = (
				161DDC01204FB4E7000B195B /* Debug */,
				161DDC02204FB4E7000B195B /* Release */,
			);
			defaultConfigurationIsVisible = 0;
			defaultConfigurationName = Release;
		};
		161DDC03204FB4E7000B195B /* Build configuration list for PBXNativeTarget "SimpleRecordTests" */ = {
			isa = XCConfigurationList;
			buildConfigurations = (
				161DDC04204FB4E7000B195B /* Debug */,
				161DDC05204FB4E7000B195B /* Release */,
			);
			defaultConfigurationIsVisible = 0;
			defaultConfigurationName = Release;
		};
		161DDC06204FB4E7000B195B /* Build configuration list for PBXNativeTarget "SimpleRecordUITests" */ = {
			isa = XCConfigurationList;
			buildConfigurations = (
				161DDC07204FB4E7000B195B /* Debug */,
				161DDC08204FB4E7000B195B /* Release */,
			);
			defaultConfigurationIsVisible = 0;
			defaultConfigurationName = Release;
		};
/* End XCConfigurationList section */
	};
	rootObject = 161DDBCC204FB4E7000B195B /* Project object */;
}
